
Microsoft Visual Studio Solution File, Format Version 12.00
# Visual Studio Version 16
VisualStudioVersion = 16.0.29123.88
MinimumVisualStudioVersion = 10.0.40219.1
Project("{2150E333-8FDC-42A3-9474-1A3956D46DE8}") = "src", "src", "{2FC8DF88-182F-4A79-9185-F242A6C12701}"
	ProjectSection(SolutionItems) = preProject
		src\Directory.Build.props = src\Directory.Build.props
		src\Directory.Build.targets = src\Directory.Build.targets
	EndProjectSection
EndProject
Project("{2150E333-8FDC-42A3-9474-1A3956D46DE8}") = "test", "test", "{355D7A68-14B5-4489-B3D3-D1BCBE44B774}"
	ProjectSection(SolutionItems) = preProject
		test\Directory.Build.props = test\Directory.Build.props
		test\Directory.Build.targets = test\Directory.Build.targets
	EndProjectSection
EndProject
Project("{9A19103F-16F7-4668-BE54-9A1E7A4F7556}") = "FGS.AspNetCore.Hosting.Extensions.DependencyInjection.Autofac4", "src\FGS.AspNetCore.Hosting.Extensions.DependencyInjection.Autofac4\FGS.AspNetCore.Hosting.Extensions.DependencyInjection.Autofac4.csproj", "{6D35876D-19F6-466F-A778-0D8483B452D7}"
EndProject
Project("{9A19103F-16F7-4668-BE54-9A1E7A4F7556}") = "FGS.AspNetCore.Hosting.Extensions.Logging.Serilog", "src\FGS.AspNetCore.Hosting.Extensions.Logging.Serilog\FGS.AspNetCore.Hosting.Extensions.Logging.Serilog.csproj", "{9AB93140-4D97-4DF8-9BE7-A9F6AFC43CDE}"
EndProject
Project("{9A19103F-16F7-4668-BE54-9A1E7A4F7556}") = "FGS.AspNetCore.Http.Extensions.AWS.ALB", "src\FGS.AspNetCore.Http.Extensions.AWS.ALB\FGS.AspNetCore.Http.Extensions.AWS.ALB.csproj", "{BE0ADC12-BC18-44D5-9E27-F08FA285E571}"
EndProject
Project("{9A19103F-16F7-4668-BE54-9A1E7A4F7556}") = "FGS.AspNetCore.Http.Extensions.RequestStopwatch", "src\FGS.AspNetCore.Http.Extensions.RequestStopwatch\FGS.AspNetCore.Http.Extensions.RequestStopwatch.csproj", "{972A1C42-480A-4A0E-A714-98317EAEED9A}"
EndProject
Project("{9A19103F-16F7-4668-BE54-9A1E7A4F7556}") = "FGS.AspNetCore.Mvc.ModelBinding", "src\FGS.AspNetCore.Mvc.ModelBinding\FGS.AspNetCore.Mvc.ModelBinding.csproj", "{73B85587-920A-4F52-8C2A-5D274089AB5A}"
EndProject
Project("{9A19103F-16F7-4668-BE54-9A1E7A4F7556}") = "FGS.AspNetCore.Mvc.ModelBinding.Validation", "src\FGS.AspNetCore.Mvc.ModelBinding.Validation\FGS.AspNetCore.Mvc.ModelBinding.Validation.csproj", "{46334FFC-E19F-421E-A25C-6E4B583B624C}"
EndProject
Project("{9A19103F-16F7-4668-BE54-9A1E7A4F7556}") = "FGS.Autofac.AspNetCore.Mvc.Routing", "src\FGS.Autofac.AspNetCore.Mvc.Routing\FGS.Autofac.AspNetCore.Mvc.Routing.csproj", "{4CF172B8-1226-47E8-9638-9EA409A08B4C}"
EndProject
Project("{9A19103F-16F7-4668-BE54-9A1E7A4F7556}") = "FGS.Autofac.CompositionRoot", "src\FGS.Autofac.CompositionRoot\FGS.Autofac.CompositionRoot.csproj", "{E5F11123-FEC2-4C06-A83C-EF957391A110}"
EndProject
Project("{9A19103F-16F7-4668-BE54-9A1E7A4F7556}") = "FGS.Autofac.CompositionRoot.Abstractions", "src\FGS.Autofac.CompositionRoot.Abstractions\FGS.Autofac.CompositionRoot.Abstractions.csproj", "{59F89FCE-0DD1-4305-BFF3-A09AB6D7AF55}"
EndProject
Project("{9A19103F-16F7-4668-BE54-9A1E7A4F7556}") = "FGS.Autofac.DynamicScoping", "src\FGS.Autofac.DynamicScoping\FGS.Autofac.DynamicScoping.csproj", "{8ADDA079-8B6C-4E2C-A3E2-B93DBD6FB960}"
EndProject
Project("{9A19103F-16F7-4668-BE54-9A1E7A4F7556}") = "FGS.Autofac.DynamicScoping.Abstractions", "src\FGS.Autofac.DynamicScoping.Abstractions\FGS.Autofac.DynamicScoping.Abstractions.csproj", "{B16FBC86-18DB-4F42-8ED3-0BEC12BD97A7}"
EndProject
Project("{9A19103F-16F7-4668-BE54-9A1E7A4F7556}") = "FGS.Autofac4.Interception.DynamicProxy", "src\FGS.Autofac4.Interception.DynamicProxy\FGS.Autofac4.Interception.DynamicProxy.csproj", "{F9E47EC4-AA5E-4A17-9903-7508137C2952}"
EndProject
Project("{9A19103F-16F7-4668-BE54-9A1E7A4F7556}") = "FGS.Autofac4.Interceptors.FaultHandling", "src\FGS.Autofac4.Interceptors.FaultHandling\FGS.Autofac4.Interceptors.FaultHandling.csproj", "{51951E96-5F41-47EC-A5DE-21F8EC4BA534}"
EndProject
Project("{9A19103F-16F7-4668-BE54-9A1E7A4F7556}") = "FGS.Autofac4.Interceptors.Time", "src\FGS.Autofac4.Interceptors.Time\FGS.Autofac4.Interceptors.Time.csproj", "{802D565D-D78D-4F6B-BB7A-E209F267A41A}"
EndProject
Project("{9A19103F-16F7-4668-BE54-9A1E7A4F7556}") = "FGS.Autofac.Options", "src\FGS.Autofac.Options\FGS.Autofac.Options.csproj", "{0E826BA6-E497-4B10-B7C5-13D8A9914471}"
EndProject
Project("{9A19103F-16F7-4668-BE54-9A1E7A4F7556}") = "FGS.Autofac.Registration.Extensions", "src\FGS.Autofac.Registration.Extensions\FGS.Autofac.Registration.Extensions.csproj", "{7EBE5413-7600-481E-B937-5193AA4519C8}"
EndProject
Project("{9A19103F-16F7-4668-BE54-9A1E7A4F7556}") = "FGS.Collections.Extensions", "src\FGS.Collections.Extensions\FGS.Collections.Extensions.csproj", "{1F616F70-5E20-484D-ABB2-2B88CC6A4257}"
EndProject
Project("{9A19103F-16F7-4668-BE54-9A1E7A4F7556}") = "FGS.Collections.Extensions.Pagination", "src\FGS.Collections.Extensions.Pagination\FGS.Collections.Extensions.Pagination.csproj", "{E22F1328-E7D0-48A8-8639-700F566BB2ED}"
EndProject
Project("{9A19103F-16F7-4668-BE54-9A1E7A4F7556}") = "FGS.Collections.Extensions.Pagination.Abstractions", "src\FGS.Collections.Extensions.Pagination.Abstractions\FGS.Collections.Extensions.Pagination.Abstractions.csproj", "{8724F444-918E-440C-B065-1E711E14DB63}"
EndProject
Project("{9A19103F-16F7-4668-BE54-9A1E7A4F7556}") = "FGS.ComponentModel.DataAnnotations", "src\FGS.ComponentModel.DataAnnotations\FGS.ComponentModel.DataAnnotations.csproj", "{5F0E488A-7715-4D20-BC7B-A862412C58EE}"
EndProject
Project("{9A19103F-16F7-4668-BE54-9A1E7A4F7556}") = "FGS.ComponentModel.DataAnnotations.Extensions", "src\FGS.ComponentModel.DataAnnotations.Extensions\FGS.ComponentModel.DataAnnotations.Extensions.csproj", "{FB20B2BB-97DE-4D67-A8EF-31B746BB22D9}"
EndProject
Project("{9A19103F-16F7-4668-BE54-9A1E7A4F7556}") = "FGS.Configuration.Abstractions", "src\FGS.Configuration.Abstractions\FGS.Configuration.Abstractions.csproj", "{51F91A5A-09C7-436D-8840-7857C66A7B55}"
EndProject
Project("{9A19103F-16F7-4668-BE54-9A1E7A4F7556}") = "FGS.Extensions.Configuration.AWS.ElasticBeanstalk.IisEnv", "src\FGS.Extensions.Configuration.AWS.ElasticBeanstalk.IisEnv\FGS.Extensions.Configuration.AWS.ElasticBeanstalk.IisEnv.csproj", "{BBB44D48-953B-4E78-8E43-178ACDF2BBA7}"
EndProject
Project("{9A19103F-16F7-4668-BE54-9A1E7A4F7556}") = "FGS.Extensions.DependencyInjection.Autofac4", "src\FGS.Extensions.DependencyInjection.Autofac4\FGS.Extensions.DependencyInjection.Autofac4.csproj", "{6AE305D3-E28E-4268-AC63-A67187CABDDC}"
EndProject
Project("{9A19103F-16F7-4668-BE54-9A1E7A4F7556}") = "FGS.Extensions.Diagnostics.HealthChecks.EntityFramework", "src\FGS.Extensions.Diagnostics.HealthChecks.EntityFramework\FGS.Extensions.Diagnostics.HealthChecks.EntityFramework.csproj", "{95EACE07-B346-4DF9-AADE-3CA0A19D71F8}"
EndProject
Project("{9A19103F-16F7-4668-BE54-9A1E7A4F7556}") = "FGS.Extensions.Logging.Serilog", "src\FGS.Extensions.Logging.Serilog\FGS.Extensions.Logging.Serilog.csproj", "{AEDDAA8C-1D17-472C-BBBA-94A4777531CC}"
EndProject
Project("{9A19103F-16F7-4668-BE54-9A1E7A4F7556}") = "FGS.FaultHandling.Abstractions", "src\FGS.FaultHandling.Abstractions\FGS.FaultHandling.Abstractions.csproj", "{F6DAD8E4-F7F7-490D-A6BA-28B3C80653C7}"
EndProject
Project("{9A19103F-16F7-4668-BE54-9A1E7A4F7556}") = "FGS.FaultHandling.Polly", "src\FGS.FaultHandling.Polly\FGS.FaultHandling.Polly.csproj", "{882C59EA-3FA2-4332-9156-2D6D5C43CA3C}"
EndProject
Project("{9A19103F-16F7-4668-BE54-9A1E7A4F7556}") = "FGS.FaultHandling.Predicates.Mssql", "src\FGS.FaultHandling.Predicates.Mssql\FGS.FaultHandling.Predicates.Mssql.csproj", "{1B7C2679-2A06-4411-B70F-7970DF41AE0C}"
EndProject
Project("{9A19103F-16F7-4668-BE54-9A1E7A4F7556}") = "FGS.FaultHandling.Predicates.Win32", "src\FGS.FaultHandling.Predicates.Win32\FGS.FaultHandling.Predicates.Win32.csproj", "{6909C3EC-C879-48F6-B04E-0794B18A0D1B}"
EndProject
Project("{9A19103F-16F7-4668-BE54-9A1E7A4F7556}") = "FGS.FaultHandling.Primitives", "src\FGS.FaultHandling.Primitives\FGS.FaultHandling.Primitives.csproj", "{ECC33CFB-6E1B-4EA3-8001-F38366B68871}"
EndProject
Project("{9A19103F-16F7-4668-BE54-9A1E7A4F7556}") = "FGS.Interception.Abstractions", "src\FGS.Interception.Abstractions\FGS.Interception.Abstractions.csproj", "{DE0BA3A3-B1B0-42CC-8858-B469F58B1A4E}"
EndProject
Project("{9A19103F-16F7-4668-BE54-9A1E7A4F7556}") = "FGS.Interception.Annotations.FaultHandling", "src\FGS.Interception.Annotations.FaultHandling\FGS.Interception.Annotations.FaultHandling.csproj", "{7F9C6F0B-9329-40BA-A694-07FC891ED9CE}"
EndProject
Project("{9A19103F-16F7-4668-BE54-9A1E7A4F7556}") = "FGS.Interception.Annotations.Time", "src\FGS.Interception.Annotations.Time\FGS.Interception.Annotations.Time.csproj", "{DF13484E-DDF3-4716-83BE-E6A9C446A11F}"
EndProject
Project("{9A19103F-16F7-4668-BE54-9A1E7A4F7556}") = "FGS.Interception.DynamicProxy", "src\FGS.Interception.DynamicProxy\FGS.Interception.DynamicProxy.csproj", "{A01C557F-FAAB-484C-BBD5-8D8029E12D33}"
EndProject
Project("{9A19103F-16F7-4668-BE54-9A1E7A4F7556}") = "FGS.Interceptors.FaultHandling", "src\FGS.Interceptors.FaultHandling\FGS.Interceptors.FaultHandling.csproj", "{5D1FD339-F7AA-4236-A9A4-6B325BDD0E09}"
EndProject
Project("{9A19103F-16F7-4668-BE54-9A1E7A4F7556}") = "FGS.Interceptors.Time", "src\FGS.Interceptors.Time\FGS.Interceptors.Time.csproj", "{F62DAE3C-A3CC-4C8A-BDA5-6F9EBD989D6B}"
EndProject
Project("{9A19103F-16F7-4668-BE54-9A1E7A4F7556}") = "FGS.Linq.Expressions", "src\FGS.Linq.Expressions\FGS.Linq.Expressions.csproj", "{67CD12C6-5C64-4D23-BE82-5DEFAD9991B4}"
EndProject
Project("{9A19103F-16F7-4668-BE54-9A1E7A4F7556}") = "FGS.Primitives.Extensions", "src\FGS.Primitives.Extensions\FGS.Primitives.Extensions.csproj", "{34A75618-28B5-4E05-86A7-76E5483BF085}"
EndProject
Project("{9A19103F-16F7-4668-BE54-9A1E7A4F7556}") = "FGS.Primitives.Time", "src\FGS.Primitives.Time\FGS.Primitives.Time.csproj", "{CCAED832-D10A-43E8-9D87-69C56620059C}"
EndProject
Project("{9A19103F-16F7-4668-BE54-9A1E7A4F7556}") = "FGS.Primitives.Time.Abstractions", "src\FGS.Primitives.Time.Abstractions\FGS.Primitives.Time.Abstractions.csproj", "{AA6EB654-4FE5-4FF8-9F97-3BA90FDC33CB}"
EndProject
Project("{9A19103F-16F7-4668-BE54-9A1E7A4F7556}") = "FGS.Reflection.Extensions", "src\FGS.Reflection.Extensions\FGS.Reflection.Extensions.csproj", "{811B90B5-9D76-4572-81A6-FB32F277CA46}"
EndProject
Project("{9A19103F-16F7-4668-BE54-9A1E7A4F7556}") = "FGS.Rx.Extensions", "src\FGS.Rx.Extensions\FGS.Rx.Extensions.csproj", "{B10B147F-1A04-4747-9AC3-790B1642DCBE}"
EndProject
Project("{9A19103F-16F7-4668-BE54-9A1E7A4F7556}") = "FGS.Rx.Extensions.Abstractions", "src\FGS.Rx.Extensions.Abstractions\FGS.Rx.Extensions.Abstractions.csproj", "{02698421-638F-413B-A005-30575E3F6EC8}"
EndProject
Project("{9A19103F-16F7-4668-BE54-9A1E7A4F7556}") = "FGS.Tests.Support", "src\FGS.Tests.Support\FGS.Tests.Support.csproj", "{BF940AB7-194E-4DCF-996C-53887B057174}"
EndProject
Project("{9A19103F-16F7-4668-BE54-9A1E7A4F7556}") = "FGS.Tests.Support.AspNetCore.Mvc", "src\FGS.Tests.Support.AspNetCore.Mvc\FGS.Tests.Support.AspNetCore.Mvc.csproj", "{18135992-EB03-4A39-AE47-527C0DEF36B5}"
EndProject
Project("{9A19103F-16F7-4668-BE54-9A1E7A4F7556}") = "FGS.Tests.Support.Autofac4.Mocking", "src\FGS.Tests.Support.Autofac4.Mocking\FGS.Tests.Support.Autofac4.Mocking.csproj", "{7F116D33-D7DD-468C-AEE5-C20B02EFB779}"
EndProject
Project("{9A19103F-16F7-4668-BE54-9A1E7A4F7556}") = "FGS.Tests.Support.Autofac4.Mocking.Configuration", "src\FGS.Tests.Support.Autofac4.Mocking.Configuration\FGS.Tests.Support.Autofac4.Mocking.Configuration.csproj", "{77AE8963-19C5-4B8F-89C6-4811C4741433}"
EndProject
Project("{9A19103F-16F7-4668-BE54-9A1E7A4F7556}") = "FGS.Tests.Support.Autofac4.Mocking.Logging", "src\FGS.Tests.Support.Autofac4.Mocking.Logging\FGS.Tests.Support.Autofac4.Mocking.Logging.csproj", "{73EE8F01-5715-4041-9AC4-2A259F305B62}"
EndProject
Project("{9A19103F-16F7-4668-BE54-9A1E7A4F7556}") = "FGS.Tests.Support.Autofac4.Mocking.Options", "src\FGS.Tests.Support.Autofac4.Mocking.Options\FGS.Tests.Support.Autofac4.Mocking.Options.csproj", "{45AC3B25-FC4F-4DCD-9414-F49856760330}"
EndProject
Project("{9A19103F-16F7-4668-BE54-9A1E7A4F7556}") = "FGS.Tests.Support.AutoFixture.Mocking", "src\FGS.Tests.Support.AutoFixture.Mocking\FGS.Tests.Support.AutoFixture.Mocking.csproj", "{EFD05CF6-741B-4C1B-9E9D-0C2B0979196A}"
EndProject
Project("{9A19103F-16F7-4668-BE54-9A1E7A4F7556}") = "FGS.Tests.Support.AutoFixture.Mocking.Options", "src\FGS.Tests.Support.AutoFixture.Mocking.Options\FGS.Tests.Support.AutoFixture.Mocking.Options.csproj", "{4C8B4B58-3D19-4062-8EEE-E3300115BB3D}"
EndProject
Project("{9A19103F-16F7-4668-BE54-9A1E7A4F7556}") = "FGS.Autofac.Interception.DynamicProxy.Tests", "test\FGS.Autofac.Interception.DynamicProxy.Tests\FGS.Autofac.Interception.DynamicProxy.Tests.csproj", "{6B422DC7-668A-49BE-AA34-1EDF1A5DF534}"
EndProject
Project("{9A19103F-16F7-4668-BE54-9A1E7A4F7556}") = "FGS.Autofac.Interceptors.FaultHandling.Tests", "test\FGS.Autofac.Interceptors.FaultHandling.Tests\FGS.Autofac.Interceptors.FaultHandling.Tests.csproj", "{29CD46EB-BA12-495B-97BF-0D56B95BB51F}"
EndProject
Project("{9A19103F-16F7-4668-BE54-9A1E7A4F7556}") = "FGS.ComponentModel.DataAnnotations.Tests", "test\FGS.ComponentModel.DataAnnotations.Tests\FGS.ComponentModel.DataAnnotations.Tests.csproj", "{8974CF73-6B43-4901-BA52-51F621EFE8AB}"
EndProject
Project("{9A19103F-16F7-4668-BE54-9A1E7A4F7556}") = "FGS.Extensions.Logging.Serilog.Tests", "test\FGS.Extensions.Logging.Serilog.Tests\FGS.Extensions.Logging.Serilog.Tests.csproj", "{306B7183-DD17-415E-A801-C3F15B05B584}"
EndProject
Project("{9A19103F-16F7-4668-BE54-9A1E7A4F7556}") = "FGS.FaultHandling.Polly.Tests", "test\FGS.FaultHandling.Polly.Tests\FGS.FaultHandling.Polly.Tests.csproj", "{9E4F061F-F7CA-4DAD-BAC2-066E0F014A4F}"
EndProject
Project("{9A19103F-16F7-4668-BE54-9A1E7A4F7556}") = "FGS.FaultHandling.Primitives.Tests", "test\FGS.FaultHandling.Primitives.Tests\FGS.FaultHandling.Primitives.Tests.csproj", "{CCA4BA06-44CF-4B65-89C0-C56C3723CA07}"
EndProject
Project("{9A19103F-16F7-4668-BE54-9A1E7A4F7556}") = "FGS.Primitives.Extensions.Tests", "test\FGS.Primitives.Extensions.Tests\FGS.Primitives.Extensions.Tests.csproj", "{DF4B5F79-591D-4D31-B3EC-55AC3E7B72AE}"
EndProject
Project("{9A19103F-16F7-4668-BE54-9A1E7A4F7556}") = "FGS.Primitives.Time.Tests", "test\FGS.Primitives.Time.Tests\FGS.Primitives.Time.Tests.csproj", "{D639F8A5-8E01-4917-8DAC-646083FB65BE}"
EndProject
Project("{9A19103F-16F7-4668-BE54-9A1E7A4F7556}") = "FGS.Extensions.Hosting.Middleware.Abstractions", "src\FGS.Extensions.Hosting.Middleware.Abstractions\FGS.Extensions.Hosting.Middleware.Abstractions.csproj", "{6E667FAD-B06B-4754-A511-0C66D4A6D39A}"
EndProject
Project("{9A19103F-16F7-4668-BE54-9A1E7A4F7556}") = "FGS.Extensions.Hosting.Middleware", "src\FGS.Extensions.Hosting.Middleware\FGS.Extensions.Hosting.Middleware.csproj", "{C3608BFF-4440-4671-8E7D-8144D4D62B51}"
EndProject
Project("{9A19103F-16F7-4668-BE54-9A1E7A4F7556}") = "FGS.Extensions.Hosting.Middleware.Tests", "test\FGS.Extensions.Hosting.Middleware.Tests\FGS.Extensions.Hosting.Middleware.Tests.csproj", "{4CCE9B2B-7857-45FC-ACBD-76A49ACDDA5B}"
EndProject
Project("{9A19103F-16F7-4668-BE54-9A1E7A4F7556}") = "FGS.Extensions.Hosting.DependencyInjection.Autofac4", "src\FGS.Extensions.Hosting.DependencyInjection.Autofac4\FGS.Extensions.Hosting.DependencyInjection.Autofac4.csproj", "{60FA3815-5EC8-4AF3-98F7-1CA1F5C581FC}"
EndProject
Project("{9A19103F-16F7-4668-BE54-9A1E7A4F7556}") = "FGS.Extensions.Hosting.Logging.Serilog", "src\FGS.Extensions.Hosting.Logging.Serilog\FGS.Extensions.Hosting.Logging.Serilog.csproj", "{F59A1DDB-EFFB-4EBA-AE45-3DA59B25FA0D}"
EndProject
Project("{9A19103F-16F7-4668-BE54-9A1E7A4F7556}") = "FGS.Tests.Support.Extensions.Hosting.Middleware.Mocking", "src\FGS.Tests.Support.Extensions.Hosting.Middleware.Mocking\FGS.Tests.Support.Extensions.Hosting.Middleware.Mocking.csproj", "{BF244A7D-7728-4F46-948D-877B18159A3D}"
EndProject
Project("{9A19103F-16F7-4668-BE54-9A1E7A4F7556}") = "FGS.Extensions.Hosting.Middleware.DelayedStart", "src\FGS.Extensions.Hosting.Middleware.DelayedStart\FGS.Extensions.Hosting.Middleware.DelayedStart.csproj", "{05D9D419-6E36-4AB8-8E7E-AEB3D635C603}"
EndProject
Project("{9A19103F-16F7-4668-BE54-9A1E7A4F7556}") = "FGS.Extensions.Hosting.Middleware.DelayedStart.Tests", "test\FGS.Extensions.Hosting.Middleware.DelayedStart.Tests\FGS.Extensions.Hosting.Middleware.DelayedStart.Tests.csproj", "{D638BF49-5051-4FD8-9555-6D51106EC0E6}"
EndProject
Project("{D954291E-2A0B-460D-934E-DC6B0785DB48}") = "FGS.Linq.Extensions.AutoMapper.Shared", "src\FGS.Linq.Extensions.AutoMapper.Shared\FGS.Linq.Extensions.AutoMapper.Shared.shproj", "{293E1465-E2E0-40C1-A28D-1BBD23961B55}"
EndProject
Project("{9A19103F-16F7-4668-BE54-9A1E7A4F7556}") = "FGS.Linq.Extensions.AutoMapper7", "src\FGS.Linq.Extensions.AutoMapper7\FGS.Linq.Extensions.AutoMapper7.csproj", "{4FF4041C-1809-4800-A378-A80560A05D03}"
EndProject
Project("{9A19103F-16F7-4668-BE54-9A1E7A4F7556}") = "FGS.Linq.Extensions.AutoMapper", "src\FGS.Linq.Extensions.AutoMapper\FGS.Linq.Extensions.AutoMapper.csproj", "{32407A8B-39E5-43C2-B63A-F490D2578272}"
EndProject
Project("{9A19103F-16F7-4668-BE54-9A1E7A4F7556}") = "FGS.Linq.Extensions.Pagination.Abstractions", "src\FGS.Linq.Extensions.Pagination.Abstractions\FGS.Linq.Extensions.Pagination.Abstractions.csproj", "{A78B4BDD-8538-4B1F-9016-1994E58DBEFA}"
EndProject
Project("{9A19103F-16F7-4668-BE54-9A1E7A4F7556}") = "FGS.Linq.Extensions.Pagination", "src\FGS.Linq.Extensions.Pagination\FGS.Linq.Extensions.Pagination.csproj", "{2483C4E7-E6CB-4E6C-9262-905F854DD803}"
EndProject
Project("{D954291E-2A0B-460D-934E-DC6B0785DB48}") = "FGS.Linq.Extensions.EntityFramework.Shared", "src\FGS.Linq.Extensions.EntityFramework.Shared\FGS.Linq.Extensions.EntityFramework.Shared.shproj", "{A3E025BE-C165-4BC4-BF83-A9BF5DC512E2}"
EndProject
Project("{9A19103F-16F7-4668-BE54-9A1E7A4F7556}") = "FGS.Linq.Extensions.EntityFramework6", "src\FGS.Linq.Extensions.EntityFramework6\FGS.Linq.Extensions.EntityFramework6.csproj", "{53495078-FCF8-4851-A07E-66CA3160EB3C}"
EndProject
Project("{9A19103F-16F7-4668-BE54-9A1E7A4F7556}") = "FGS.Linq.Extensions.EntityFrameworkCore", "src\FGS.Linq.Extensions.EntityFrameworkCore\FGS.Linq.Extensions.EntityFrameworkCore.csproj", "{2E8DE4EA-7E84-4D01-9A29-F03E69166566}"
EndProject
Project("{D954291E-2A0B-460D-934E-DC6B0785DB48}") = "FGS.Linq.Extensions.Pagination.EntityFramework.Shared", "src\FGS.Linq.Extensions.Pagination.EntityFramework.Shared\FGS.Linq.Extensions.Pagination.EntityFramework.Shared.shproj", "{96015FE6-1B5E-48F4-BCB3-464366C098F2}"
EndProject
Project("{9A19103F-16F7-4668-BE54-9A1E7A4F7556}") = "FGS.Linq.Extensions.Pagination.EntityFramework6", "src\FGS.Linq.Extensions.Pagination.EntityFramework6\FGS.Linq.Extensions.Pagination.EntityFramework6.csproj", "{8A64A5C6-2B3C-4BB2-B9FC-7C30B3F2B3E2}"
EndProject
Project("{9A19103F-16F7-4668-BE54-9A1E7A4F7556}") = "FGS.Linq.Extensions.Pagination.EntityFrameworkCore", "src\FGS.Linq.Extensions.Pagination.EntityFrameworkCore\FGS.Linq.Extensions.Pagination.EntityFrameworkCore.csproj", "{5B6E00E9-4217-45FB-93DA-0E822DC6B42D}"
EndProject
Project("{9A19103F-16F7-4668-BE54-9A1E7A4F7556}") = "FGS.Collections.Extensions.OneOf.Units", "src\FGS.Collections.Extensions.OneOf.Units\FGS.Collections.Extensions.OneOf.Units.csproj", "{431C9136-225F-43FF-B11B-B5A597913166}"
EndProject
Project("{D954291E-2A0B-460D-934E-DC6B0785DB48}") = "FGS.Linq.Extensions.OneOf.EntityFramework.Shared", "src\FGS.Linq.Extensions.OneOf.EntityFramework.Shared\FGS.Linq.Extensions.OneOf.EntityFramework.Shared.shproj", "{8A11571F-0DE7-4E1F-8C1D-6A441F3EAA85}"
EndProject
Project("{9A19103F-16F7-4668-BE54-9A1E7A4F7556}") = "FGS.Linq.Extensions.OneOf.EntityFramework6", "src\FGS.Linq.Extensions.OneOf.EntityFramework6\FGS.Linq.Extensions.OneOf.EntityFramework6.csproj", "{037E878C-996E-4922-AC99-38DB0644CB79}"
EndProject
Project("{9A19103F-16F7-4668-BE54-9A1E7A4F7556}") = "FGS.Linq.Extensions.OneOf.EntityFrameworkCore", "src\FGS.Linq.Extensions.OneOf.EntityFrameworkCore\FGS.Linq.Extensions.OneOf.EntityFrameworkCore.csproj", "{19AC1E1D-73F5-4F74-8DC9-14E327933B3E}"
EndProject
Project("{9A19103F-16F7-4668-BE54-9A1E7A4F7556}") = "FGS.OneOf.Extensions", "src\FGS.OneOf.Extensions\FGS.OneOf.Extensions.csproj", "{F0853018-F497-4395-8A25-9EA6D1BEB16B}"
EndProject
Project("{D954291E-2A0B-460D-934E-DC6B0785DB48}") = "FGS.Autofac.Interception.DynamicProxy.Shared", "src\FGS.Autofac.Interception.DynamicProxy.Shared\FGS.Autofac.Interception.DynamicProxy.Shared.shproj", "{B8938897-F915-44A6-A407-418BFC02F0BC}"
EndProject
Project("{D954291E-2A0B-460D-934E-DC6B0785DB48}") = "FGS.Autofac.Interceptors.FaultHandling.Shared", "src\FGS.Autofac.Interceptors.FaultHandling.Shared\FGS.Autofac.Interceptors.FaultHandling.Shared.shproj", "{DFC2C38B-B3EE-4D43-AB8D-CE62368DD50F}"
EndProject
Project("{D954291E-2A0B-460D-934E-DC6B0785DB48}") = "FGS.Autofac.Interceptors.Time.Shared", "src\FGS.Autofac.Interceptors.Time.Shared\FGS.Autofac.Interceptors.Time.Shared.shproj", "{0ECBA6AE-51FD-4CB0-8C71-682FE67156E4}"
EndProject
Project("{9A19103F-16F7-4668-BE54-9A1E7A4F7556}") = "FGS.Autofac.Interception.DynamicProxy", "src\FGS.Autofac.Interception.DynamicProxy\FGS.Autofac.Interception.DynamicProxy.csproj", "{5D81E19B-1BB3-42AC-B5B0-208D62D16FA2}"
EndProject
Project("{9A19103F-16F7-4668-BE54-9A1E7A4F7556}") = "FGS.Autofac.Interceptors.FaultHandling", "src\FGS.Autofac.Interceptors.FaultHandling\FGS.Autofac.Interceptors.FaultHandling.csproj", "{E0D5BFFC-B270-4A5D-B2D9-42A00875AC13}"
EndProject
Project("{9A19103F-16F7-4668-BE54-9A1E7A4F7556}") = "FGS.Autofac.Interceptors.Time", "src\FGS.Autofac.Interceptors.Time\FGS.Autofac.Interceptors.Time.csproj", "{5E03D95C-B945-4F09-B04D-89A11AB48CA5}"
EndProject
Project("{D954291E-2A0B-460D-934E-DC6B0785DB48}") = "FGS.Tests.Support.Autofac.Mocking.Shared", "src\FGS.Tests.Support.Autofac.Mocking.Shared\FGS.Tests.Support.Autofac.Mocking.Shared.shproj", "{B7F86A9C-2FE2-4856-93BE-19DCA3F96F8D}"
EndProject
Project("{D954291E-2A0B-460D-934E-DC6B0785DB48}") = "FGS.Tests.Support.Autofac.Mocking.Configuration.Shared", "src\FGS.Tests.Support.Autofac.Mocking.Configuration.Shared\FGS.Tests.Support.Autofac.Mocking.Configuration.Shared.shproj", "{60B082FD-024E-4253-9248-7E8C9F1628C0}"
EndProject
Project("{D954291E-2A0B-460D-934E-DC6B0785DB48}") = "FGS.Tests.Support.Autofac.Mocking.Logging.Shared", "src\FGS.Tests.Support.Autofac.Mocking.Logging.Shared\FGS.Tests.Support.Autofac.Mocking.Logging.Shared.shproj", "{D97EAEE5-94AB-4096-8362-EE4805FE3BDC}"
EndProject
Project("{D954291E-2A0B-460D-934E-DC6B0785DB48}") = "FGS.Tests.Support.Autofac.Mocking.Options.Shared", "src\FGS.Tests.Support.Autofac.Mocking.Options.Shared\FGS.Tests.Support.Autofac.Mocking.Options.Shared.shproj", "{B098916C-FAB5-4023-8AC9-0D52C8957656}"
EndProject
Project("{D954291E-2A0B-460D-934E-DC6B0785DB48}") = "FGS.Extensions.DependencyInjection.Autofac.Shared", "src\FGS.Extensions.DependencyInjection.Autofac.Shared\FGS.Extensions.DependencyInjection.Autofac.Shared.shproj", "{99802BFB-49D9-4EC1-B5EF-C9EF2D29A506}"
EndProject
Project("{D954291E-2A0B-460D-934E-DC6B0785DB48}") = "FGS.AspNetCore.Hosting.Extensions.DependencyInjection.Autofac.Shared", "src\FGS.AspNetCore.Hosting.Extensions.DependencyInjection.Autofac.Shared\FGS.AspNetCore.Hosting.Extensions.DependencyInjection.Autofac.Shared.shproj", "{5C7782DB-10C7-4200-B6EE-60E3B7E2ED19}"
EndProject
Project("{D954291E-2A0B-460D-934E-DC6B0785DB48}") = "FGS.Extensions.Hosting.DependencyInjection.Autofac.Shared", "src\FGS.Extensions.Hosting.DependencyInjection.Autofac.Shared\FGS.Extensions.Hosting.DependencyInjection.Autofac.Shared.shproj", "{3916DC5F-7A9F-4BF6-9084-8B26C228B0D5}"
EndProject
Project("{9A19103F-16F7-4668-BE54-9A1E7A4F7556}") = "FGS.Tests.Support.Autofac.Mocking", "src\FGS.Tests.Support.Autofac.Mocking\FGS.Tests.Support.Autofac.Mocking.csproj", "{76EA2A1B-761A-4FEA-86E9-A7AE6F3CA303}"
EndProject
Project("{9A19103F-16F7-4668-BE54-9A1E7A4F7556}") = "FGS.Tests.Support.Autofac.Mocking.Configuration", "src\FGS.Tests.Support.Autofac.Mocking.Configuration\FGS.Tests.Support.Autofac.Mocking.Configuration.csproj", "{B675CA65-6BDC-4D09-9445-ACC80506A9A4}"
EndProject
Project("{9A19103F-16F7-4668-BE54-9A1E7A4F7556}") = "FGS.Tests.Support.Autofac.Mocking.Logging", "src\FGS.Tests.Support.Autofac.Mocking.Logging\FGS.Tests.Support.Autofac.Mocking.Logging.csproj", "{7459727D-509D-4285-B10D-C165F42481CD}"
EndProject
Project("{9A19103F-16F7-4668-BE54-9A1E7A4F7556}") = "FGS.Tests.Support.Autofac.Mocking.Options", "src\FGS.Tests.Support.Autofac.Mocking.Options\FGS.Tests.Support.Autofac.Mocking.Options.csproj", "{ABFA3A58-50D7-4FF2-AD62-410C5D274D7D}"
EndProject
Project("{9A19103F-16F7-4668-BE54-9A1E7A4F7556}") = "FGS.AspNetCore.Hosting.Extensions.DependencyInjection.Autofac", "src\FGS.AspNetCore.Hosting.Extensions.DependencyInjection.Autofac\FGS.AspNetCore.Hosting.Extensions.DependencyInjection.Autofac.csproj", "{70E3BA0F-CA9F-42CA-B70F-B9C0D5930B49}"
EndProject
Project("{9A19103F-16F7-4668-BE54-9A1E7A4F7556}") = "FGS.Extensions.DependencyInjection.Autofac", "src\FGS.Extensions.DependencyInjection.Autofac\FGS.Extensions.DependencyInjection.Autofac.csproj", "{46B44E6A-EDAC-41A4-B6B0-BC2A1452F892}"
EndProject
Project("{9A19103F-16F7-4668-BE54-9A1E7A4F7556}") = "FGS.Extensions.Hosting.DependencyInjection.Autofac", "src\FGS.Extensions.Hosting.DependencyInjection.Autofac\FGS.Extensions.Hosting.DependencyInjection.Autofac.csproj", "{E8B2BD28-3BA8-4F6C-AEC1-FCE69D78231E}"
EndProject
Global
	GlobalSection(SharedMSBuildProjectFiles) = preSolution
		src\FGS.Linq.Extensions.OneOf.EntityFramework.Shared\FGS.Linq.Extensions.OneOf.EntityFramework.Shared.projitems*{037e878c-996e-4922-ac99-38db0644cb79}*SharedItemsImports = 5
		src\FGS.Autofac.Interceptors.Time.Shared\FGS.Autofac.Interceptors.Time.Shared.projitems*{0ecba6ae-51fd-4cb0-8c71-682fe67156e4}*SharedItemsImports = 13
		src\FGS.Linq.Extensions.OneOf.EntityFramework.Shared\FGS.Linq.Extensions.OneOf.EntityFramework.Shared.projitems*{19ac1e1d-73f5-4f74-8dc9-14e327933b3e}*SharedItemsImports = 5
		src\FGS.Linq.Extensions.AutoMapper.Shared\FGS.Linq.Extensions.AutoMapper.Shared.projitems*{293e1465-e2e0-40c1-a28d-1bbd23961b55}*SharedItemsImports = 13
		src\FGS.Linq.Extensions.EntityFramework.Shared\FGS.Linq.Extensions.EntityFramework.Shared.projitems*{2e8de4ea-7e84-4d01-9a29-f03e69166566}*SharedItemsImports = 5
		src\FGS.Linq.Extensions.AutoMapper.Shared\FGS.Linq.Extensions.AutoMapper.Shared.projitems*{32407a8b-39e5-43c2-b63a-f490d2578272}*SharedItemsImports = 5
		src\FGS.Extensions.Hosting.DependencyInjection.Autofac.Shared\FGS.Extensions.Hosting.DependencyInjection.Autofac.Shared.projitems*{3916dc5f-7a9f-4bf6-9084-8b26c228b0d5}*SharedItemsImports = 13
		src\FGS.Tests.Support.Autofac.Mocking.Options.Shared\FGS.Tests.Support.Autofac.Mocking.Options.Shared.projitems*{45ac3b25-fc4f-4dcd-9414-f49856760330}*SharedItemsImports = 5
		src\FGS.Extensions.DependencyInjection.Autofac.Shared\FGS.Extensions.DependencyInjection.Autofac.Shared.projitems*{46b44e6a-edac-41a4-b6b0-bc2a1452f892}*SharedItemsImports = 5
		src\FGS.Linq.Extensions.AutoMapper.Shared\FGS.Linq.Extensions.AutoMapper.Shared.projitems*{4ff4041c-1809-4800-a378-a80560a05d03}*SharedItemsImports = 5
		src\FGS.Autofac.Interceptors.FaultHandling.Shared\FGS.Autofac.Interceptors.FaultHandling.Shared.projitems*{51951e96-5f41-47ec-a5de-21f8ec4ba534}*SharedItemsImports = 5
		src\FGS.Linq.Extensions.EntityFramework.Shared\FGS.Linq.Extensions.EntityFramework.Shared.projitems*{53495078-fcf8-4851-a07e-66ca3160eb3c}*SharedItemsImports = 5
		src\FGS.Linq.Extensions.Pagination.EntityFramework.Shared\FGS.Linq.Extensions.Pagination.EntityFramework.Shared.projitems*{5b6e00e9-4217-45fb-93da-0e822dc6b42d}*SharedItemsImports = 5
		src\FGS.AspNetCore.Hosting.Extensions.DependencyInjection.Autofac.Shared\FGS.AspNetCore.Hosting.Extensions.DependencyInjection.Autofac.Shared.projitems*{5c7782db-10c7-4200-b6ee-60e3b7e2ed19}*SharedItemsImports = 13
		src\FGS.Autofac.Interception.DynamicProxy.Shared\FGS.Autofac.Interception.DynamicProxy.Shared.projitems*{5d81e19b-1bb3-42ac-b5b0-208d62d16fa2}*SharedItemsImports = 5
		src\FGS.Autofac.Interceptors.Time.Shared\FGS.Autofac.Interceptors.Time.Shared.projitems*{5e03d95c-b945-4f09-b04d-89a11ab48ca5}*SharedItemsImports = 5
		src\FGS.Tests.Support.Autofac.Mocking.Configuration.Shared\FGS.Tests.Support.Autofac.Mocking.Configuration.Shared.projitems*{60b082fd-024e-4253-9248-7e8c9f1628c0}*SharedItemsImports = 13
		src\FGS.Extensions.Hosting.DependencyInjection.Autofac.Shared\FGS.Extensions.Hosting.DependencyInjection.Autofac.Shared.projitems*{60fa3815-5ec8-4af3-98f7-1ca1f5c581fc}*SharedItemsImports = 5
		src\FGS.Extensions.DependencyInjection.Autofac.Shared\FGS.Extensions.DependencyInjection.Autofac.Shared.projitems*{6ae305d3-e28e-4268-ac63-a67187cabddc}*SharedItemsImports = 5
		src\FGS.AspNetCore.Hosting.Extensions.DependencyInjection.Autofac.Shared\FGS.AspNetCore.Hosting.Extensions.DependencyInjection.Autofac.Shared.projitems*{6d35876d-19f6-466f-a778-0d8483b452d7}*SharedItemsImports = 5
		src\FGS.AspNetCore.Hosting.Extensions.DependencyInjection.Autofac.Shared\FGS.AspNetCore.Hosting.Extensions.DependencyInjection.Autofac.Shared.projitems*{70e3ba0f-ca9f-42ca-b70f-b9c0d5930b49}*SharedItemsImports = 5
		src\FGS.Tests.Support.Autofac.Mocking.Logging.Shared\FGS.Tests.Support.Autofac.Mocking.Logging.Shared.projitems*{73ee8f01-5715-4041-9ac4-2a259f305b62}*SharedItemsImports = 5
		src\FGS.Tests.Support.Autofac.Mocking.Logging.Shared\FGS.Tests.Support.Autofac.Mocking.Logging.Shared.projitems*{7459727d-509d-4285-b10d-c165f42481cd}*SharedItemsImports = 5
		src\FGS.Tests.Support.Autofac.Mocking.Shared\FGS.Tests.Support.Autofac.Mocking.Shared.projitems*{76ea2a1b-761a-4fea-86e9-a7ae6f3ca303}*SharedItemsImports = 5
		src\FGS.Tests.Support.Autofac.Mocking.Configuration.Shared\FGS.Tests.Support.Autofac.Mocking.Configuration.Shared.projitems*{77ae8963-19c5-4b8f-89c6-4811c4741433}*SharedItemsImports = 5
		src\FGS.Tests.Support.Autofac.Mocking.Shared\FGS.Tests.Support.Autofac.Mocking.Shared.projitems*{7f116d33-d7dd-468c-aee5-c20b02efb779}*SharedItemsImports = 5
		src\FGS.Autofac.Interceptors.Time.Shared\FGS.Autofac.Interceptors.Time.Shared.projitems*{802d565d-d78d-4f6b-bb7a-e209f267a41a}*SharedItemsImports = 5
		src\FGS.Linq.Extensions.OneOf.EntityFramework.Shared\FGS.Linq.Extensions.OneOf.EntityFramework.Shared.projitems*{8a11571f-0de7-4e1f-8c1d-6a441f3eaa85}*SharedItemsImports = 13
		src\FGS.Linq.Extensions.Pagination.EntityFramework.Shared\FGS.Linq.Extensions.Pagination.EntityFramework.Shared.projitems*{8a64a5c6-2b3c-4bb2-b9fc-7c30b3f2b3e2}*SharedItemsImports = 5
		src\FGS.Linq.Extensions.Pagination.EntityFramework.Shared\FGS.Linq.Extensions.Pagination.EntityFramework.Shared.projitems*{96015fe6-1b5e-48f4-bcb3-464366c098f2}*SharedItemsImports = 13
		src\FGS.Extensions.DependencyInjection.Autofac.Shared\FGS.Extensions.DependencyInjection.Autofac.Shared.projitems*{99802bfb-49d9-4ec1-b5ef-c9ef2d29a506}*SharedItemsImports = 13
		src\FGS.Linq.Extensions.EntityFramework.Shared\FGS.Linq.Extensions.EntityFramework.Shared.projitems*{a3e025be-c165-4bc4-bf83-a9bf5dc512e2}*SharedItemsImports = 13
		src\FGS.Tests.Support.Autofac.Mocking.Options.Shared\FGS.Tests.Support.Autofac.Mocking.Options.Shared.projitems*{abfa3a58-50d7-4ff2-ad62-410c5d274d7d}*SharedItemsImports = 5
		src\FGS.Tests.Support.Autofac.Mocking.Options.Shared\FGS.Tests.Support.Autofac.Mocking.Options.Shared.projitems*{b098916c-fab5-4023-8ac9-0d52c8957656}*SharedItemsImports = 13
		src\FGS.Tests.Support.Autofac.Mocking.Configuration.Shared\FGS.Tests.Support.Autofac.Mocking.Configuration.Shared.projitems*{b675ca65-6bdc-4d09-9445-acc80506a9a4}*SharedItemsImports = 5
		src\FGS.Tests.Support.Autofac.Mocking.Shared\FGS.Tests.Support.Autofac.Mocking.Shared.projitems*{b7f86a9c-2fe2-4856-93be-19dca3f96f8d}*SharedItemsImports = 13
		src\FGS.Autofac.Interception.DynamicProxy.Shared\FGS.Autofac.Interception.DynamicProxy.Shared.projitems*{b8938897-f915-44a6-a407-418bfc02f0bc}*SharedItemsImports = 13
		src\FGS.Tests.Support.Autofac.Mocking.Logging.Shared\FGS.Tests.Support.Autofac.Mocking.Logging.Shared.projitems*{d97eaee5-94ab-4096-8362-ee4805fe3bdc}*SharedItemsImports = 13
		src\FGS.Autofac.Interceptors.FaultHandling.Shared\FGS.Autofac.Interceptors.FaultHandling.Shared.projitems*{dfc2c38b-b3ee-4d43-ab8d-ce62368dd50f}*SharedItemsImports = 13
		src\FGS.Autofac.Interceptors.FaultHandling.Shared\FGS.Autofac.Interceptors.FaultHandling.Shared.projitems*{e0d5bffc-b270-4a5d-b2d9-42a00875ac13}*SharedItemsImports = 5
		src\FGS.Autofac.Interception.DynamicProxy.Shared\FGS.Autofac.Interception.DynamicProxy.Shared.projitems*{f9e47ec4-aa5e-4a17-9903-7508137c2952}*SharedItemsImports = 5
	EndGlobalSection
	GlobalSection(SolutionConfigurationPlatforms) = preSolution
		Debug|Any CPU = Debug|Any CPU
		Release|Any CPU = Release|Any CPU
	EndGlobalSection
	GlobalSection(ProjectConfigurationPlatforms) = postSolution
		{6D35876D-19F6-466F-A778-0D8483B452D7}.Debug|Any CPU.ActiveCfg = Debug|Any CPU
		{6D35876D-19F6-466F-A778-0D8483B452D7}.Debug|Any CPU.Build.0 = Debug|Any CPU
		{6D35876D-19F6-466F-A778-0D8483B452D7}.Release|Any CPU.ActiveCfg = Release|Any CPU
		{6D35876D-19F6-466F-A778-0D8483B452D7}.Release|Any CPU.Build.0 = Release|Any CPU
		{9AB93140-4D97-4DF8-9BE7-A9F6AFC43CDE}.Debug|Any CPU.ActiveCfg = Debug|Any CPU
		{9AB93140-4D97-4DF8-9BE7-A9F6AFC43CDE}.Debug|Any CPU.Build.0 = Debug|Any CPU
		{9AB93140-4D97-4DF8-9BE7-A9F6AFC43CDE}.Release|Any CPU.ActiveCfg = Release|Any CPU
		{9AB93140-4D97-4DF8-9BE7-A9F6AFC43CDE}.Release|Any CPU.Build.0 = Release|Any CPU
		{BE0ADC12-BC18-44D5-9E27-F08FA285E571}.Debug|Any CPU.ActiveCfg = Debug|Any CPU
		{BE0ADC12-BC18-44D5-9E27-F08FA285E571}.Debug|Any CPU.Build.0 = Debug|Any CPU
		{BE0ADC12-BC18-44D5-9E27-F08FA285E571}.Release|Any CPU.ActiveCfg = Release|Any CPU
		{BE0ADC12-BC18-44D5-9E27-F08FA285E571}.Release|Any CPU.Build.0 = Release|Any CPU
		{972A1C42-480A-4A0E-A714-98317EAEED9A}.Debug|Any CPU.ActiveCfg = Debug|Any CPU
		{972A1C42-480A-4A0E-A714-98317EAEED9A}.Debug|Any CPU.Build.0 = Debug|Any CPU
		{972A1C42-480A-4A0E-A714-98317EAEED9A}.Release|Any CPU.ActiveCfg = Release|Any CPU
		{972A1C42-480A-4A0E-A714-98317EAEED9A}.Release|Any CPU.Build.0 = Release|Any CPU
		{73B85587-920A-4F52-8C2A-5D274089AB5A}.Debug|Any CPU.ActiveCfg = Debug|Any CPU
		{73B85587-920A-4F52-8C2A-5D274089AB5A}.Debug|Any CPU.Build.0 = Debug|Any CPU
		{73B85587-920A-4F52-8C2A-5D274089AB5A}.Release|Any CPU.ActiveCfg = Release|Any CPU
		{73B85587-920A-4F52-8C2A-5D274089AB5A}.Release|Any CPU.Build.0 = Release|Any CPU
		{46334FFC-E19F-421E-A25C-6E4B583B624C}.Debug|Any CPU.ActiveCfg = Debug|Any CPU
		{46334FFC-E19F-421E-A25C-6E4B583B624C}.Debug|Any CPU.Build.0 = Debug|Any CPU
		{46334FFC-E19F-421E-A25C-6E4B583B624C}.Release|Any CPU.ActiveCfg = Release|Any CPU
		{46334FFC-E19F-421E-A25C-6E4B583B624C}.Release|Any CPU.Build.0 = Release|Any CPU
		{4CF172B8-1226-47E8-9638-9EA409A08B4C}.Debug|Any CPU.ActiveCfg = Debug|Any CPU
		{4CF172B8-1226-47E8-9638-9EA409A08B4C}.Debug|Any CPU.Build.0 = Debug|Any CPU
		{4CF172B8-1226-47E8-9638-9EA409A08B4C}.Release|Any CPU.ActiveCfg = Release|Any CPU
		{4CF172B8-1226-47E8-9638-9EA409A08B4C}.Release|Any CPU.Build.0 = Release|Any CPU
		{E5F11123-FEC2-4C06-A83C-EF957391A110}.Debug|Any CPU.ActiveCfg = Debug|Any CPU
		{E5F11123-FEC2-4C06-A83C-EF957391A110}.Debug|Any CPU.Build.0 = Debug|Any CPU
		{E5F11123-FEC2-4C06-A83C-EF957391A110}.Release|Any CPU.ActiveCfg = Release|Any CPU
		{E5F11123-FEC2-4C06-A83C-EF957391A110}.Release|Any CPU.Build.0 = Release|Any CPU
		{59F89FCE-0DD1-4305-BFF3-A09AB6D7AF55}.Debug|Any CPU.ActiveCfg = Debug|Any CPU
		{59F89FCE-0DD1-4305-BFF3-A09AB6D7AF55}.Debug|Any CPU.Build.0 = Debug|Any CPU
		{59F89FCE-0DD1-4305-BFF3-A09AB6D7AF55}.Release|Any CPU.ActiveCfg = Release|Any CPU
		{59F89FCE-0DD1-4305-BFF3-A09AB6D7AF55}.Release|Any CPU.Build.0 = Release|Any CPU
		{8ADDA079-8B6C-4E2C-A3E2-B93DBD6FB960}.Debug|Any CPU.ActiveCfg = Debug|Any CPU
		{8ADDA079-8B6C-4E2C-A3E2-B93DBD6FB960}.Debug|Any CPU.Build.0 = Debug|Any CPU
		{8ADDA079-8B6C-4E2C-A3E2-B93DBD6FB960}.Release|Any CPU.ActiveCfg = Release|Any CPU
		{8ADDA079-8B6C-4E2C-A3E2-B93DBD6FB960}.Release|Any CPU.Build.0 = Release|Any CPU
		{B16FBC86-18DB-4F42-8ED3-0BEC12BD97A7}.Debug|Any CPU.ActiveCfg = Debug|Any CPU
		{B16FBC86-18DB-4F42-8ED3-0BEC12BD97A7}.Debug|Any CPU.Build.0 = Debug|Any CPU
		{B16FBC86-18DB-4F42-8ED3-0BEC12BD97A7}.Release|Any CPU.ActiveCfg = Release|Any CPU
		{B16FBC86-18DB-4F42-8ED3-0BEC12BD97A7}.Release|Any CPU.Build.0 = Release|Any CPU
		{F9E47EC4-AA5E-4A17-9903-7508137C2952}.Debug|Any CPU.ActiveCfg = Debug|Any CPU
		{F9E47EC4-AA5E-4A17-9903-7508137C2952}.Debug|Any CPU.Build.0 = Debug|Any CPU
		{F9E47EC4-AA5E-4A17-9903-7508137C2952}.Release|Any CPU.ActiveCfg = Release|Any CPU
		{F9E47EC4-AA5E-4A17-9903-7508137C2952}.Release|Any CPU.Build.0 = Release|Any CPU
		{51951E96-5F41-47EC-A5DE-21F8EC4BA534}.Debug|Any CPU.ActiveCfg = Debug|Any CPU
		{51951E96-5F41-47EC-A5DE-21F8EC4BA534}.Debug|Any CPU.Build.0 = Debug|Any CPU
		{51951E96-5F41-47EC-A5DE-21F8EC4BA534}.Release|Any CPU.ActiveCfg = Release|Any CPU
		{51951E96-5F41-47EC-A5DE-21F8EC4BA534}.Release|Any CPU.Build.0 = Release|Any CPU
		{802D565D-D78D-4F6B-BB7A-E209F267A41A}.Debug|Any CPU.ActiveCfg = Debug|Any CPU
		{802D565D-D78D-4F6B-BB7A-E209F267A41A}.Debug|Any CPU.Build.0 = Debug|Any CPU
		{802D565D-D78D-4F6B-BB7A-E209F267A41A}.Release|Any CPU.ActiveCfg = Release|Any CPU
		{802D565D-D78D-4F6B-BB7A-E209F267A41A}.Release|Any CPU.Build.0 = Release|Any CPU
		{0E826BA6-E497-4B10-B7C5-13D8A9914471}.Debug|Any CPU.ActiveCfg = Debug|Any CPU
		{0E826BA6-E497-4B10-B7C5-13D8A9914471}.Debug|Any CPU.Build.0 = Debug|Any CPU
		{0E826BA6-E497-4B10-B7C5-13D8A9914471}.Release|Any CPU.ActiveCfg = Release|Any CPU
		{0E826BA6-E497-4B10-B7C5-13D8A9914471}.Release|Any CPU.Build.0 = Release|Any CPU
		{7EBE5413-7600-481E-B937-5193AA4519C8}.Debug|Any CPU.ActiveCfg = Debug|Any CPU
		{7EBE5413-7600-481E-B937-5193AA4519C8}.Debug|Any CPU.Build.0 = Debug|Any CPU
		{7EBE5413-7600-481E-B937-5193AA4519C8}.Release|Any CPU.ActiveCfg = Release|Any CPU
		{7EBE5413-7600-481E-B937-5193AA4519C8}.Release|Any CPU.Build.0 = Release|Any CPU
		{1F616F70-5E20-484D-ABB2-2B88CC6A4257}.Debug|Any CPU.ActiveCfg = Debug|Any CPU
		{1F616F70-5E20-484D-ABB2-2B88CC6A4257}.Debug|Any CPU.Build.0 = Debug|Any CPU
		{1F616F70-5E20-484D-ABB2-2B88CC6A4257}.Release|Any CPU.ActiveCfg = Release|Any CPU
		{1F616F70-5E20-484D-ABB2-2B88CC6A4257}.Release|Any CPU.Build.0 = Release|Any CPU
		{E22F1328-E7D0-48A8-8639-700F566BB2ED}.Debug|Any CPU.ActiveCfg = Debug|Any CPU
		{E22F1328-E7D0-48A8-8639-700F566BB2ED}.Debug|Any CPU.Build.0 = Debug|Any CPU
		{E22F1328-E7D0-48A8-8639-700F566BB2ED}.Release|Any CPU.ActiveCfg = Release|Any CPU
		{E22F1328-E7D0-48A8-8639-700F566BB2ED}.Release|Any CPU.Build.0 = Release|Any CPU
		{8724F444-918E-440C-B065-1E711E14DB63}.Debug|Any CPU.ActiveCfg = Debug|Any CPU
		{8724F444-918E-440C-B065-1E711E14DB63}.Debug|Any CPU.Build.0 = Debug|Any CPU
		{8724F444-918E-440C-B065-1E711E14DB63}.Release|Any CPU.ActiveCfg = Release|Any CPU
		{8724F444-918E-440C-B065-1E711E14DB63}.Release|Any CPU.Build.0 = Release|Any CPU
		{5F0E488A-7715-4D20-BC7B-A862412C58EE}.Debug|Any CPU.ActiveCfg = Debug|Any CPU
		{5F0E488A-7715-4D20-BC7B-A862412C58EE}.Debug|Any CPU.Build.0 = Debug|Any CPU
		{5F0E488A-7715-4D20-BC7B-A862412C58EE}.Release|Any CPU.ActiveCfg = Release|Any CPU
		{5F0E488A-7715-4D20-BC7B-A862412C58EE}.Release|Any CPU.Build.0 = Release|Any CPU
		{FB20B2BB-97DE-4D67-A8EF-31B746BB22D9}.Debug|Any CPU.ActiveCfg = Debug|Any CPU
		{FB20B2BB-97DE-4D67-A8EF-31B746BB22D9}.Debug|Any CPU.Build.0 = Debug|Any CPU
		{FB20B2BB-97DE-4D67-A8EF-31B746BB22D9}.Release|Any CPU.ActiveCfg = Release|Any CPU
		{FB20B2BB-97DE-4D67-A8EF-31B746BB22D9}.Release|Any CPU.Build.0 = Release|Any CPU
		{51F91A5A-09C7-436D-8840-7857C66A7B55}.Debug|Any CPU.ActiveCfg = Debug|Any CPU
		{51F91A5A-09C7-436D-8840-7857C66A7B55}.Debug|Any CPU.Build.0 = Debug|Any CPU
		{51F91A5A-09C7-436D-8840-7857C66A7B55}.Release|Any CPU.ActiveCfg = Release|Any CPU
		{51F91A5A-09C7-436D-8840-7857C66A7B55}.Release|Any CPU.Build.0 = Release|Any CPU
		{BBB44D48-953B-4E78-8E43-178ACDF2BBA7}.Debug|Any CPU.ActiveCfg = Debug|Any CPU
		{BBB44D48-953B-4E78-8E43-178ACDF2BBA7}.Debug|Any CPU.Build.0 = Debug|Any CPU
		{BBB44D48-953B-4E78-8E43-178ACDF2BBA7}.Release|Any CPU.ActiveCfg = Release|Any CPU
		{BBB44D48-953B-4E78-8E43-178ACDF2BBA7}.Release|Any CPU.Build.0 = Release|Any CPU
		{6AE305D3-E28E-4268-AC63-A67187CABDDC}.Debug|Any CPU.ActiveCfg = Debug|Any CPU
		{6AE305D3-E28E-4268-AC63-A67187CABDDC}.Debug|Any CPU.Build.0 = Debug|Any CPU
		{6AE305D3-E28E-4268-AC63-A67187CABDDC}.Release|Any CPU.ActiveCfg = Release|Any CPU
		{6AE305D3-E28E-4268-AC63-A67187CABDDC}.Release|Any CPU.Build.0 = Release|Any CPU
		{95EACE07-B346-4DF9-AADE-3CA0A19D71F8}.Debug|Any CPU.ActiveCfg = Debug|Any CPU
		{95EACE07-B346-4DF9-AADE-3CA0A19D71F8}.Debug|Any CPU.Build.0 = Debug|Any CPU
		{95EACE07-B346-4DF9-AADE-3CA0A19D71F8}.Release|Any CPU.ActiveCfg = Release|Any CPU
		{95EACE07-B346-4DF9-AADE-3CA0A19D71F8}.Release|Any CPU.Build.0 = Release|Any CPU
		{AEDDAA8C-1D17-472C-BBBA-94A4777531CC}.Debug|Any CPU.ActiveCfg = Debug|Any CPU
		{AEDDAA8C-1D17-472C-BBBA-94A4777531CC}.Debug|Any CPU.Build.0 = Debug|Any CPU
		{AEDDAA8C-1D17-472C-BBBA-94A4777531CC}.Release|Any CPU.ActiveCfg = Release|Any CPU
		{AEDDAA8C-1D17-472C-BBBA-94A4777531CC}.Release|Any CPU.Build.0 = Release|Any CPU
		{F6DAD8E4-F7F7-490D-A6BA-28B3C80653C7}.Debug|Any CPU.ActiveCfg = Debug|Any CPU
		{F6DAD8E4-F7F7-490D-A6BA-28B3C80653C7}.Debug|Any CPU.Build.0 = Debug|Any CPU
		{F6DAD8E4-F7F7-490D-A6BA-28B3C80653C7}.Release|Any CPU.ActiveCfg = Release|Any CPU
		{F6DAD8E4-F7F7-490D-A6BA-28B3C80653C7}.Release|Any CPU.Build.0 = Release|Any CPU
		{882C59EA-3FA2-4332-9156-2D6D5C43CA3C}.Debug|Any CPU.ActiveCfg = Debug|Any CPU
		{882C59EA-3FA2-4332-9156-2D6D5C43CA3C}.Debug|Any CPU.Build.0 = Debug|Any CPU
		{882C59EA-3FA2-4332-9156-2D6D5C43CA3C}.Release|Any CPU.ActiveCfg = Release|Any CPU
		{882C59EA-3FA2-4332-9156-2D6D5C43CA3C}.Release|Any CPU.Build.0 = Release|Any CPU
		{1B7C2679-2A06-4411-B70F-7970DF41AE0C}.Debug|Any CPU.ActiveCfg = Debug|Any CPU
		{1B7C2679-2A06-4411-B70F-7970DF41AE0C}.Debug|Any CPU.Build.0 = Debug|Any CPU
		{1B7C2679-2A06-4411-B70F-7970DF41AE0C}.Release|Any CPU.ActiveCfg = Release|Any CPU
		{1B7C2679-2A06-4411-B70F-7970DF41AE0C}.Release|Any CPU.Build.0 = Release|Any CPU
		{6909C3EC-C879-48F6-B04E-0794B18A0D1B}.Debug|Any CPU.ActiveCfg = Debug|Any CPU
		{6909C3EC-C879-48F6-B04E-0794B18A0D1B}.Debug|Any CPU.Build.0 = Debug|Any CPU
		{6909C3EC-C879-48F6-B04E-0794B18A0D1B}.Release|Any CPU.ActiveCfg = Release|Any CPU
		{6909C3EC-C879-48F6-B04E-0794B18A0D1B}.Release|Any CPU.Build.0 = Release|Any CPU
		{ECC33CFB-6E1B-4EA3-8001-F38366B68871}.Debug|Any CPU.ActiveCfg = Debug|Any CPU
		{ECC33CFB-6E1B-4EA3-8001-F38366B68871}.Debug|Any CPU.Build.0 = Debug|Any CPU
		{ECC33CFB-6E1B-4EA3-8001-F38366B68871}.Release|Any CPU.ActiveCfg = Release|Any CPU
		{ECC33CFB-6E1B-4EA3-8001-F38366B68871}.Release|Any CPU.Build.0 = Release|Any CPU
		{DE0BA3A3-B1B0-42CC-8858-B469F58B1A4E}.Debug|Any CPU.ActiveCfg = Debug|Any CPU
		{DE0BA3A3-B1B0-42CC-8858-B469F58B1A4E}.Debug|Any CPU.Build.0 = Debug|Any CPU
		{DE0BA3A3-B1B0-42CC-8858-B469F58B1A4E}.Release|Any CPU.ActiveCfg = Release|Any CPU
		{DE0BA3A3-B1B0-42CC-8858-B469F58B1A4E}.Release|Any CPU.Build.0 = Release|Any CPU
		{7F9C6F0B-9329-40BA-A694-07FC891ED9CE}.Debug|Any CPU.ActiveCfg = Debug|Any CPU
		{7F9C6F0B-9329-40BA-A694-07FC891ED9CE}.Debug|Any CPU.Build.0 = Debug|Any CPU
		{7F9C6F0B-9329-40BA-A694-07FC891ED9CE}.Release|Any CPU.ActiveCfg = Release|Any CPU
		{7F9C6F0B-9329-40BA-A694-07FC891ED9CE}.Release|Any CPU.Build.0 = Release|Any CPU
		{DF13484E-DDF3-4716-83BE-E6A9C446A11F}.Debug|Any CPU.ActiveCfg = Debug|Any CPU
		{DF13484E-DDF3-4716-83BE-E6A9C446A11F}.Debug|Any CPU.Build.0 = Debug|Any CPU
		{DF13484E-DDF3-4716-83BE-E6A9C446A11F}.Release|Any CPU.ActiveCfg = Release|Any CPU
		{DF13484E-DDF3-4716-83BE-E6A9C446A11F}.Release|Any CPU.Build.0 = Release|Any CPU
		{A01C557F-FAAB-484C-BBD5-8D8029E12D33}.Debug|Any CPU.ActiveCfg = Debug|Any CPU
		{A01C557F-FAAB-484C-BBD5-8D8029E12D33}.Debug|Any CPU.Build.0 = Debug|Any CPU
		{A01C557F-FAAB-484C-BBD5-8D8029E12D33}.Release|Any CPU.ActiveCfg = Release|Any CPU
		{A01C557F-FAAB-484C-BBD5-8D8029E12D33}.Release|Any CPU.Build.0 = Release|Any CPU
		{5D1FD339-F7AA-4236-A9A4-6B325BDD0E09}.Debug|Any CPU.ActiveCfg = Debug|Any CPU
		{5D1FD339-F7AA-4236-A9A4-6B325BDD0E09}.Debug|Any CPU.Build.0 = Debug|Any CPU
		{5D1FD339-F7AA-4236-A9A4-6B325BDD0E09}.Release|Any CPU.ActiveCfg = Release|Any CPU
		{5D1FD339-F7AA-4236-A9A4-6B325BDD0E09}.Release|Any CPU.Build.0 = Release|Any CPU
		{F62DAE3C-A3CC-4C8A-BDA5-6F9EBD989D6B}.Debug|Any CPU.ActiveCfg = Debug|Any CPU
		{F62DAE3C-A3CC-4C8A-BDA5-6F9EBD989D6B}.Debug|Any CPU.Build.0 = Debug|Any CPU
		{F62DAE3C-A3CC-4C8A-BDA5-6F9EBD989D6B}.Release|Any CPU.ActiveCfg = Release|Any CPU
		{F62DAE3C-A3CC-4C8A-BDA5-6F9EBD989D6B}.Release|Any CPU.Build.0 = Release|Any CPU
		{67CD12C6-5C64-4D23-BE82-5DEFAD9991B4}.Debug|Any CPU.ActiveCfg = Debug|Any CPU
		{67CD12C6-5C64-4D23-BE82-5DEFAD9991B4}.Debug|Any CPU.Build.0 = Debug|Any CPU
		{67CD12C6-5C64-4D23-BE82-5DEFAD9991B4}.Release|Any CPU.ActiveCfg = Release|Any CPU
		{67CD12C6-5C64-4D23-BE82-5DEFAD9991B4}.Release|Any CPU.Build.0 = Release|Any CPU
		{34A75618-28B5-4E05-86A7-76E5483BF085}.Debug|Any CPU.ActiveCfg = Debug|Any CPU
		{34A75618-28B5-4E05-86A7-76E5483BF085}.Debug|Any CPU.Build.0 = Debug|Any CPU
		{34A75618-28B5-4E05-86A7-76E5483BF085}.Release|Any CPU.ActiveCfg = Release|Any CPU
		{34A75618-28B5-4E05-86A7-76E5483BF085}.Release|Any CPU.Build.0 = Release|Any CPU
		{CCAED832-D10A-43E8-9D87-69C56620059C}.Debug|Any CPU.ActiveCfg = Debug|Any CPU
		{CCAED832-D10A-43E8-9D87-69C56620059C}.Debug|Any CPU.Build.0 = Debug|Any CPU
		{CCAED832-D10A-43E8-9D87-69C56620059C}.Release|Any CPU.ActiveCfg = Release|Any CPU
		{CCAED832-D10A-43E8-9D87-69C56620059C}.Release|Any CPU.Build.0 = Release|Any CPU
		{AA6EB654-4FE5-4FF8-9F97-3BA90FDC33CB}.Debug|Any CPU.ActiveCfg = Debug|Any CPU
		{AA6EB654-4FE5-4FF8-9F97-3BA90FDC33CB}.Debug|Any CPU.Build.0 = Debug|Any CPU
		{AA6EB654-4FE5-4FF8-9F97-3BA90FDC33CB}.Release|Any CPU.ActiveCfg = Release|Any CPU
		{AA6EB654-4FE5-4FF8-9F97-3BA90FDC33CB}.Release|Any CPU.Build.0 = Release|Any CPU
		{811B90B5-9D76-4572-81A6-FB32F277CA46}.Debug|Any CPU.ActiveCfg = Debug|Any CPU
		{811B90B5-9D76-4572-81A6-FB32F277CA46}.Debug|Any CPU.Build.0 = Debug|Any CPU
		{811B90B5-9D76-4572-81A6-FB32F277CA46}.Release|Any CPU.ActiveCfg = Release|Any CPU
		{811B90B5-9D76-4572-81A6-FB32F277CA46}.Release|Any CPU.Build.0 = Release|Any CPU
		{B10B147F-1A04-4747-9AC3-790B1642DCBE}.Debug|Any CPU.ActiveCfg = Debug|Any CPU
		{B10B147F-1A04-4747-9AC3-790B1642DCBE}.Debug|Any CPU.Build.0 = Debug|Any CPU
		{B10B147F-1A04-4747-9AC3-790B1642DCBE}.Release|Any CPU.ActiveCfg = Release|Any CPU
		{B10B147F-1A04-4747-9AC3-790B1642DCBE}.Release|Any CPU.Build.0 = Release|Any CPU
		{02698421-638F-413B-A005-30575E3F6EC8}.Debug|Any CPU.ActiveCfg = Debug|Any CPU
		{02698421-638F-413B-A005-30575E3F6EC8}.Debug|Any CPU.Build.0 = Debug|Any CPU
		{02698421-638F-413B-A005-30575E3F6EC8}.Release|Any CPU.ActiveCfg = Release|Any CPU
		{02698421-638F-413B-A005-30575E3F6EC8}.Release|Any CPU.Build.0 = Release|Any CPU
		{BF940AB7-194E-4DCF-996C-53887B057174}.Debug|Any CPU.ActiveCfg = Debug|Any CPU
		{BF940AB7-194E-4DCF-996C-53887B057174}.Debug|Any CPU.Build.0 = Debug|Any CPU
		{BF940AB7-194E-4DCF-996C-53887B057174}.Release|Any CPU.ActiveCfg = Release|Any CPU
		{BF940AB7-194E-4DCF-996C-53887B057174}.Release|Any CPU.Build.0 = Release|Any CPU
		{18135992-EB03-4A39-AE47-527C0DEF36B5}.Debug|Any CPU.ActiveCfg = Debug|Any CPU
		{18135992-EB03-4A39-AE47-527C0DEF36B5}.Debug|Any CPU.Build.0 = Debug|Any CPU
		{18135992-EB03-4A39-AE47-527C0DEF36B5}.Release|Any CPU.ActiveCfg = Release|Any CPU
		{18135992-EB03-4A39-AE47-527C0DEF36B5}.Release|Any CPU.Build.0 = Release|Any CPU
		{7F116D33-D7DD-468C-AEE5-C20B02EFB779}.Debug|Any CPU.ActiveCfg = Debug|Any CPU
		{7F116D33-D7DD-468C-AEE5-C20B02EFB779}.Debug|Any CPU.Build.0 = Debug|Any CPU
		{7F116D33-D7DD-468C-AEE5-C20B02EFB779}.Release|Any CPU.ActiveCfg = Release|Any CPU
		{7F116D33-D7DD-468C-AEE5-C20B02EFB779}.Release|Any CPU.Build.0 = Release|Any CPU
		{77AE8963-19C5-4B8F-89C6-4811C4741433}.Debug|Any CPU.ActiveCfg = Debug|Any CPU
		{77AE8963-19C5-4B8F-89C6-4811C4741433}.Debug|Any CPU.Build.0 = Debug|Any CPU
		{77AE8963-19C5-4B8F-89C6-4811C4741433}.Release|Any CPU.ActiveCfg = Release|Any CPU
		{77AE8963-19C5-4B8F-89C6-4811C4741433}.Release|Any CPU.Build.0 = Release|Any CPU
		{73EE8F01-5715-4041-9AC4-2A259F305B62}.Debug|Any CPU.ActiveCfg = Debug|Any CPU
		{73EE8F01-5715-4041-9AC4-2A259F305B62}.Debug|Any CPU.Build.0 = Debug|Any CPU
		{73EE8F01-5715-4041-9AC4-2A259F305B62}.Release|Any CPU.ActiveCfg = Release|Any CPU
		{73EE8F01-5715-4041-9AC4-2A259F305B62}.Release|Any CPU.Build.0 = Release|Any CPU
		{45AC3B25-FC4F-4DCD-9414-F49856760330}.Debug|Any CPU.ActiveCfg = Debug|Any CPU
		{45AC3B25-FC4F-4DCD-9414-F49856760330}.Debug|Any CPU.Build.0 = Debug|Any CPU
		{45AC3B25-FC4F-4DCD-9414-F49856760330}.Release|Any CPU.ActiveCfg = Release|Any CPU
		{45AC3B25-FC4F-4DCD-9414-F49856760330}.Release|Any CPU.Build.0 = Release|Any CPU
		{EFD05CF6-741B-4C1B-9E9D-0C2B0979196A}.Debug|Any CPU.ActiveCfg = Debug|Any CPU
		{EFD05CF6-741B-4C1B-9E9D-0C2B0979196A}.Debug|Any CPU.Build.0 = Debug|Any CPU
		{EFD05CF6-741B-4C1B-9E9D-0C2B0979196A}.Release|Any CPU.ActiveCfg = Release|Any CPU
		{EFD05CF6-741B-4C1B-9E9D-0C2B0979196A}.Release|Any CPU.Build.0 = Release|Any CPU
		{4C8B4B58-3D19-4062-8EEE-E3300115BB3D}.Debug|Any CPU.ActiveCfg = Debug|Any CPU
		{4C8B4B58-3D19-4062-8EEE-E3300115BB3D}.Debug|Any CPU.Build.0 = Debug|Any CPU
		{4C8B4B58-3D19-4062-8EEE-E3300115BB3D}.Release|Any CPU.ActiveCfg = Release|Any CPU
		{4C8B4B58-3D19-4062-8EEE-E3300115BB3D}.Release|Any CPU.Build.0 = Release|Any CPU
		{6B422DC7-668A-49BE-AA34-1EDF1A5DF534}.Debug|Any CPU.ActiveCfg = Debug|Any CPU
		{6B422DC7-668A-49BE-AA34-1EDF1A5DF534}.Debug|Any CPU.Build.0 = Debug|Any CPU
		{6B422DC7-668A-49BE-AA34-1EDF1A5DF534}.Release|Any CPU.ActiveCfg = Release|Any CPU
		{6B422DC7-668A-49BE-AA34-1EDF1A5DF534}.Release|Any CPU.Build.0 = Release|Any CPU
		{29CD46EB-BA12-495B-97BF-0D56B95BB51F}.Debug|Any CPU.ActiveCfg = Debug|Any CPU
		{29CD46EB-BA12-495B-97BF-0D56B95BB51F}.Debug|Any CPU.Build.0 = Debug|Any CPU
		{29CD46EB-BA12-495B-97BF-0D56B95BB51F}.Release|Any CPU.ActiveCfg = Release|Any CPU
		{29CD46EB-BA12-495B-97BF-0D56B95BB51F}.Release|Any CPU.Build.0 = Release|Any CPU
		{8974CF73-6B43-4901-BA52-51F621EFE8AB}.Debug|Any CPU.ActiveCfg = Debug|Any CPU
		{8974CF73-6B43-4901-BA52-51F621EFE8AB}.Debug|Any CPU.Build.0 = Debug|Any CPU
		{8974CF73-6B43-4901-BA52-51F621EFE8AB}.Release|Any CPU.ActiveCfg = Release|Any CPU
		{8974CF73-6B43-4901-BA52-51F621EFE8AB}.Release|Any CPU.Build.0 = Release|Any CPU
		{306B7183-DD17-415E-A801-C3F15B05B584}.Debug|Any CPU.ActiveCfg = Debug|Any CPU
		{306B7183-DD17-415E-A801-C3F15B05B584}.Debug|Any CPU.Build.0 = Debug|Any CPU
		{306B7183-DD17-415E-A801-C3F15B05B584}.Release|Any CPU.ActiveCfg = Release|Any CPU
		{306B7183-DD17-415E-A801-C3F15B05B584}.Release|Any CPU.Build.0 = Release|Any CPU
		{9E4F061F-F7CA-4DAD-BAC2-066E0F014A4F}.Debug|Any CPU.ActiveCfg = Debug|Any CPU
		{9E4F061F-F7CA-4DAD-BAC2-066E0F014A4F}.Debug|Any CPU.Build.0 = Debug|Any CPU
		{9E4F061F-F7CA-4DAD-BAC2-066E0F014A4F}.Release|Any CPU.ActiveCfg = Release|Any CPU
		{9E4F061F-F7CA-4DAD-BAC2-066E0F014A4F}.Release|Any CPU.Build.0 = Release|Any CPU
		{CCA4BA06-44CF-4B65-89C0-C56C3723CA07}.Debug|Any CPU.ActiveCfg = Debug|Any CPU
		{CCA4BA06-44CF-4B65-89C0-C56C3723CA07}.Debug|Any CPU.Build.0 = Debug|Any CPU
		{CCA4BA06-44CF-4B65-89C0-C56C3723CA07}.Release|Any CPU.ActiveCfg = Release|Any CPU
		{CCA4BA06-44CF-4B65-89C0-C56C3723CA07}.Release|Any CPU.Build.0 = Release|Any CPU
		{DF4B5F79-591D-4D31-B3EC-55AC3E7B72AE}.Debug|Any CPU.ActiveCfg = Debug|Any CPU
		{DF4B5F79-591D-4D31-B3EC-55AC3E7B72AE}.Debug|Any CPU.Build.0 = Debug|Any CPU
		{DF4B5F79-591D-4D31-B3EC-55AC3E7B72AE}.Release|Any CPU.ActiveCfg = Release|Any CPU
		{DF4B5F79-591D-4D31-B3EC-55AC3E7B72AE}.Release|Any CPU.Build.0 = Release|Any CPU
		{D639F8A5-8E01-4917-8DAC-646083FB65BE}.Debug|Any CPU.ActiveCfg = Debug|Any CPU
		{D639F8A5-8E01-4917-8DAC-646083FB65BE}.Debug|Any CPU.Build.0 = Debug|Any CPU
		{D639F8A5-8E01-4917-8DAC-646083FB65BE}.Release|Any CPU.ActiveCfg = Release|Any CPU
		{D639F8A5-8E01-4917-8DAC-646083FB65BE}.Release|Any CPU.Build.0 = Release|Any CPU
		{6E667FAD-B06B-4754-A511-0C66D4A6D39A}.Debug|Any CPU.ActiveCfg = Debug|Any CPU
		{6E667FAD-B06B-4754-A511-0C66D4A6D39A}.Debug|Any CPU.Build.0 = Debug|Any CPU
		{6E667FAD-B06B-4754-A511-0C66D4A6D39A}.Release|Any CPU.ActiveCfg = Release|Any CPU
		{6E667FAD-B06B-4754-A511-0C66D4A6D39A}.Release|Any CPU.Build.0 = Release|Any CPU
		{C3608BFF-4440-4671-8E7D-8144D4D62B51}.Debug|Any CPU.ActiveCfg = Debug|Any CPU
		{C3608BFF-4440-4671-8E7D-8144D4D62B51}.Debug|Any CPU.Build.0 = Debug|Any CPU
		{C3608BFF-4440-4671-8E7D-8144D4D62B51}.Release|Any CPU.ActiveCfg = Release|Any CPU
		{C3608BFF-4440-4671-8E7D-8144D4D62B51}.Release|Any CPU.Build.0 = Release|Any CPU
		{4CCE9B2B-7857-45FC-ACBD-76A49ACDDA5B}.Debug|Any CPU.ActiveCfg = Debug|Any CPU
		{4CCE9B2B-7857-45FC-ACBD-76A49ACDDA5B}.Debug|Any CPU.Build.0 = Debug|Any CPU
		{4CCE9B2B-7857-45FC-ACBD-76A49ACDDA5B}.Release|Any CPU.ActiveCfg = Release|Any CPU
		{4CCE9B2B-7857-45FC-ACBD-76A49ACDDA5B}.Release|Any CPU.Build.0 = Release|Any CPU
		{60FA3815-5EC8-4AF3-98F7-1CA1F5C581FC}.Debug|Any CPU.ActiveCfg = Debug|Any CPU
		{60FA3815-5EC8-4AF3-98F7-1CA1F5C581FC}.Debug|Any CPU.Build.0 = Debug|Any CPU
		{60FA3815-5EC8-4AF3-98F7-1CA1F5C581FC}.Release|Any CPU.ActiveCfg = Release|Any CPU
		{60FA3815-5EC8-4AF3-98F7-1CA1F5C581FC}.Release|Any CPU.Build.0 = Release|Any CPU
		{F59A1DDB-EFFB-4EBA-AE45-3DA59B25FA0D}.Debug|Any CPU.ActiveCfg = Debug|Any CPU
		{F59A1DDB-EFFB-4EBA-AE45-3DA59B25FA0D}.Debug|Any CPU.Build.0 = Debug|Any CPU
		{F59A1DDB-EFFB-4EBA-AE45-3DA59B25FA0D}.Release|Any CPU.ActiveCfg = Release|Any CPU
		{F59A1DDB-EFFB-4EBA-AE45-3DA59B25FA0D}.Release|Any CPU.Build.0 = Release|Any CPU
		{BF244A7D-7728-4F46-948D-877B18159A3D}.Debug|Any CPU.ActiveCfg = Debug|Any CPU
		{BF244A7D-7728-4F46-948D-877B18159A3D}.Debug|Any CPU.Build.0 = Debug|Any CPU
		{BF244A7D-7728-4F46-948D-877B18159A3D}.Release|Any CPU.ActiveCfg = Release|Any CPU
		{BF244A7D-7728-4F46-948D-877B18159A3D}.Release|Any CPU.Build.0 = Release|Any CPU
		{05D9D419-6E36-4AB8-8E7E-AEB3D635C603}.Debug|Any CPU.ActiveCfg = Debug|Any CPU
		{05D9D419-6E36-4AB8-8E7E-AEB3D635C603}.Debug|Any CPU.Build.0 = Debug|Any CPU
		{05D9D419-6E36-4AB8-8E7E-AEB3D635C603}.Release|Any CPU.ActiveCfg = Release|Any CPU
		{05D9D419-6E36-4AB8-8E7E-AEB3D635C603}.Release|Any CPU.Build.0 = Release|Any CPU
		{D638BF49-5051-4FD8-9555-6D51106EC0E6}.Debug|Any CPU.ActiveCfg = Debug|Any CPU
		{D638BF49-5051-4FD8-9555-6D51106EC0E6}.Debug|Any CPU.Build.0 = Debug|Any CPU
		{D638BF49-5051-4FD8-9555-6D51106EC0E6}.Release|Any CPU.ActiveCfg = Release|Any CPU
		{D638BF49-5051-4FD8-9555-6D51106EC0E6}.Release|Any CPU.Build.0 = Release|Any CPU
		{4FF4041C-1809-4800-A378-A80560A05D03}.Debug|Any CPU.ActiveCfg = Debug|Any CPU
		{4FF4041C-1809-4800-A378-A80560A05D03}.Debug|Any CPU.Build.0 = Debug|Any CPU
		{4FF4041C-1809-4800-A378-A80560A05D03}.Release|Any CPU.ActiveCfg = Release|Any CPU
		{4FF4041C-1809-4800-A378-A80560A05D03}.Release|Any CPU.Build.0 = Release|Any CPU
		{32407A8B-39E5-43C2-B63A-F490D2578272}.Debug|Any CPU.ActiveCfg = Debug|Any CPU
		{32407A8B-39E5-43C2-B63A-F490D2578272}.Debug|Any CPU.Build.0 = Debug|Any CPU
		{32407A8B-39E5-43C2-B63A-F490D2578272}.Release|Any CPU.ActiveCfg = Release|Any CPU
		{32407A8B-39E5-43C2-B63A-F490D2578272}.Release|Any CPU.Build.0 = Release|Any CPU
		{A78B4BDD-8538-4B1F-9016-1994E58DBEFA}.Debug|Any CPU.ActiveCfg = Debug|Any CPU
		{A78B4BDD-8538-4B1F-9016-1994E58DBEFA}.Debug|Any CPU.Build.0 = Debug|Any CPU
		{A78B4BDD-8538-4B1F-9016-1994E58DBEFA}.Release|Any CPU.ActiveCfg = Release|Any CPU
		{A78B4BDD-8538-4B1F-9016-1994E58DBEFA}.Release|Any CPU.Build.0 = Release|Any CPU
		{2483C4E7-E6CB-4E6C-9262-905F854DD803}.Debug|Any CPU.ActiveCfg = Debug|Any CPU
		{2483C4E7-E6CB-4E6C-9262-905F854DD803}.Debug|Any CPU.Build.0 = Debug|Any CPU
		{2483C4E7-E6CB-4E6C-9262-905F854DD803}.Release|Any CPU.ActiveCfg = Release|Any CPU
		{2483C4E7-E6CB-4E6C-9262-905F854DD803}.Release|Any CPU.Build.0 = Release|Any CPU
		{53495078-FCF8-4851-A07E-66CA3160EB3C}.Debug|Any CPU.ActiveCfg = Debug|Any CPU
		{53495078-FCF8-4851-A07E-66CA3160EB3C}.Debug|Any CPU.Build.0 = Debug|Any CPU
		{53495078-FCF8-4851-A07E-66CA3160EB3C}.Release|Any CPU.ActiveCfg = Release|Any CPU
		{53495078-FCF8-4851-A07E-66CA3160EB3C}.Release|Any CPU.Build.0 = Release|Any CPU
		{2E8DE4EA-7E84-4D01-9A29-F03E69166566}.Debug|Any CPU.ActiveCfg = Debug|Any CPU
		{2E8DE4EA-7E84-4D01-9A29-F03E69166566}.Debug|Any CPU.Build.0 = Debug|Any CPU
		{2E8DE4EA-7E84-4D01-9A29-F03E69166566}.Release|Any CPU.ActiveCfg = Release|Any CPU
		{2E8DE4EA-7E84-4D01-9A29-F03E69166566}.Release|Any CPU.Build.0 = Release|Any CPU
		{8A64A5C6-2B3C-4BB2-B9FC-7C30B3F2B3E2}.Debug|Any CPU.ActiveCfg = Debug|Any CPU
		{8A64A5C6-2B3C-4BB2-B9FC-7C30B3F2B3E2}.Debug|Any CPU.Build.0 = Debug|Any CPU
		{8A64A5C6-2B3C-4BB2-B9FC-7C30B3F2B3E2}.Release|Any CPU.ActiveCfg = Release|Any CPU
		{8A64A5C6-2B3C-4BB2-B9FC-7C30B3F2B3E2}.Release|Any CPU.Build.0 = Release|Any CPU
		{5B6E00E9-4217-45FB-93DA-0E822DC6B42D}.Debug|Any CPU.ActiveCfg = Debug|Any CPU
		{5B6E00E9-4217-45FB-93DA-0E822DC6B42D}.Debug|Any CPU.Build.0 = Debug|Any CPU
		{5B6E00E9-4217-45FB-93DA-0E822DC6B42D}.Release|Any CPU.ActiveCfg = Release|Any CPU
		{5B6E00E9-4217-45FB-93DA-0E822DC6B42D}.Release|Any CPU.Build.0 = Release|Any CPU
		{431C9136-225F-43FF-B11B-B5A597913166}.Debug|Any CPU.ActiveCfg = Debug|Any CPU
		{431C9136-225F-43FF-B11B-B5A597913166}.Debug|Any CPU.Build.0 = Debug|Any CPU
		{431C9136-225F-43FF-B11B-B5A597913166}.Release|Any CPU.ActiveCfg = Release|Any CPU
		{431C9136-225F-43FF-B11B-B5A597913166}.Release|Any CPU.Build.0 = Release|Any CPU
		{037E878C-996E-4922-AC99-38DB0644CB79}.Debug|Any CPU.ActiveCfg = Debug|Any CPU
		{037E878C-996E-4922-AC99-38DB0644CB79}.Debug|Any CPU.Build.0 = Debug|Any CPU
		{037E878C-996E-4922-AC99-38DB0644CB79}.Release|Any CPU.ActiveCfg = Release|Any CPU
		{037E878C-996E-4922-AC99-38DB0644CB79}.Release|Any CPU.Build.0 = Release|Any CPU
		{19AC1E1D-73F5-4F74-8DC9-14E327933B3E}.Debug|Any CPU.ActiveCfg = Debug|Any CPU
		{19AC1E1D-73F5-4F74-8DC9-14E327933B3E}.Debug|Any CPU.Build.0 = Debug|Any CPU
		{19AC1E1D-73F5-4F74-8DC9-14E327933B3E}.Release|Any CPU.ActiveCfg = Release|Any CPU
		{19AC1E1D-73F5-4F74-8DC9-14E327933B3E}.Release|Any CPU.Build.0 = Release|Any CPU
		{F0853018-F497-4395-8A25-9EA6D1BEB16B}.Debug|Any CPU.ActiveCfg = Debug|Any CPU
		{F0853018-F497-4395-8A25-9EA6D1BEB16B}.Debug|Any CPU.Build.0 = Debug|Any CPU
		{F0853018-F497-4395-8A25-9EA6D1BEB16B}.Release|Any CPU.ActiveCfg = Release|Any CPU
		{F0853018-F497-4395-8A25-9EA6D1BEB16B}.Release|Any CPU.Build.0 = Release|Any CPU
		{5D81E19B-1BB3-42AC-B5B0-208D62D16FA2}.Debug|Any CPU.ActiveCfg = Debug|Any CPU
		{5D81E19B-1BB3-42AC-B5B0-208D62D16FA2}.Debug|Any CPU.Build.0 = Debug|Any CPU
		{5D81E19B-1BB3-42AC-B5B0-208D62D16FA2}.Release|Any CPU.ActiveCfg = Release|Any CPU
		{5D81E19B-1BB3-42AC-B5B0-208D62D16FA2}.Release|Any CPU.Build.0 = Release|Any CPU
		{E0D5BFFC-B270-4A5D-B2D9-42A00875AC13}.Debug|Any CPU.ActiveCfg = Debug|Any CPU
		{E0D5BFFC-B270-4A5D-B2D9-42A00875AC13}.Debug|Any CPU.Build.0 = Debug|Any CPU
		{E0D5BFFC-B270-4A5D-B2D9-42A00875AC13}.Release|Any CPU.ActiveCfg = Release|Any CPU
		{E0D5BFFC-B270-4A5D-B2D9-42A00875AC13}.Release|Any CPU.Build.0 = Release|Any CPU
		{5E03D95C-B945-4F09-B04D-89A11AB48CA5}.Debug|Any CPU.ActiveCfg = Debug|Any CPU
		{5E03D95C-B945-4F09-B04D-89A11AB48CA5}.Debug|Any CPU.Build.0 = Debug|Any CPU
		{5E03D95C-B945-4F09-B04D-89A11AB48CA5}.Release|Any CPU.ActiveCfg = Release|Any CPU
		{5E03D95C-B945-4F09-B04D-89A11AB48CA5}.Release|Any CPU.Build.0 = Release|Any CPU
		{76EA2A1B-761A-4FEA-86E9-A7AE6F3CA303}.Debug|Any CPU.ActiveCfg = Debug|Any CPU
		{76EA2A1B-761A-4FEA-86E9-A7AE6F3CA303}.Debug|Any CPU.Build.0 = Debug|Any CPU
		{76EA2A1B-761A-4FEA-86E9-A7AE6F3CA303}.Release|Any CPU.ActiveCfg = Release|Any CPU
		{76EA2A1B-761A-4FEA-86E9-A7AE6F3CA303}.Release|Any CPU.Build.0 = Release|Any CPU
		{B675CA65-6BDC-4D09-9445-ACC80506A9A4}.Debug|Any CPU.ActiveCfg = Debug|Any CPU
		{B675CA65-6BDC-4D09-9445-ACC80506A9A4}.Debug|Any CPU.Build.0 = Debug|Any CPU
		{B675CA65-6BDC-4D09-9445-ACC80506A9A4}.Release|Any CPU.ActiveCfg = Release|Any CPU
		{B675CA65-6BDC-4D09-9445-ACC80506A9A4}.Release|Any CPU.Build.0 = Release|Any CPU
		{7459727D-509D-4285-B10D-C165F42481CD}.Debug|Any CPU.ActiveCfg = Debug|Any CPU
		{7459727D-509D-4285-B10D-C165F42481CD}.Debug|Any CPU.Build.0 = Debug|Any CPU
		{7459727D-509D-4285-B10D-C165F42481CD}.Release|Any CPU.ActiveCfg = Release|Any CPU
		{7459727D-509D-4285-B10D-C165F42481CD}.Release|Any CPU.Build.0 = Release|Any CPU
		{ABFA3A58-50D7-4FF2-AD62-410C5D274D7D}.Debug|Any CPU.ActiveCfg = Debug|Any CPU
		{ABFA3A58-50D7-4FF2-AD62-410C5D274D7D}.Debug|Any CPU.Build.0 = Debug|Any CPU
		{ABFA3A58-50D7-4FF2-AD62-410C5D274D7D}.Release|Any CPU.ActiveCfg = Release|Any CPU
		{ABFA3A58-50D7-4FF2-AD62-410C5D274D7D}.Release|Any CPU.Build.0 = Release|Any CPU
		{70E3BA0F-CA9F-42CA-B70F-B9C0D5930B49}.Debug|Any CPU.ActiveCfg = Debug|Any CPU
		{70E3BA0F-CA9F-42CA-B70F-B9C0D5930B49}.Debug|Any CPU.Build.0 = Debug|Any CPU
		{70E3BA0F-CA9F-42CA-B70F-B9C0D5930B49}.Release|Any CPU.ActiveCfg = Release|Any CPU
		{70E3BA0F-CA9F-42CA-B70F-B9C0D5930B49}.Release|Any CPU.Build.0 = Release|Any CPU
		{46B44E6A-EDAC-41A4-B6B0-BC2A1452F892}.Debug|Any CPU.ActiveCfg = Debug|Any CPU
		{46B44E6A-EDAC-41A4-B6B0-BC2A1452F892}.Debug|Any CPU.Build.0 = Debug|Any CPU
		{46B44E6A-EDAC-41A4-B6B0-BC2A1452F892}.Release|Any CPU.ActiveCfg = Release|Any CPU
		{46B44E6A-EDAC-41A4-B6B0-BC2A1452F892}.Release|Any CPU.Build.0 = Release|Any CPU
		{E8B2BD28-3BA8-4F6C-AEC1-FCE69D78231E}.Debug|Any CPU.ActiveCfg = Debug|Any CPU
		{E8B2BD28-3BA8-4F6C-AEC1-FCE69D78231E}.Debug|Any CPU.Build.0 = Debug|Any CPU
		{E8B2BD28-3BA8-4F6C-AEC1-FCE69D78231E}.Release|Any CPU.ActiveCfg = Release|Any CPU
		{E8B2BD28-3BA8-4F6C-AEC1-FCE69D78231E}.Release|Any CPU.Build.0 = Release|Any CPU
	EndGlobalSection
	GlobalSection(SolutionProperties) = preSolution
		HideSolutionNode = FALSE
	EndGlobalSection
	GlobalSection(NestedProjects) = preSolution
		{6D35876D-19F6-466F-A778-0D8483B452D7} = {2FC8DF88-182F-4A79-9185-F242A6C12701}
		{9AB93140-4D97-4DF8-9BE7-A9F6AFC43CDE} = {2FC8DF88-182F-4A79-9185-F242A6C12701}
		{BE0ADC12-BC18-44D5-9E27-F08FA285E571} = {2FC8DF88-182F-4A79-9185-F242A6C12701}
		{972A1C42-480A-4A0E-A714-98317EAEED9A} = {2FC8DF88-182F-4A79-9185-F242A6C12701}
		{73B85587-920A-4F52-8C2A-5D274089AB5A} = {2FC8DF88-182F-4A79-9185-F242A6C12701}
		{46334FFC-E19F-421E-A25C-6E4B583B624C} = {2FC8DF88-182F-4A79-9185-F242A6C12701}
		{4CF172B8-1226-47E8-9638-9EA409A08B4C} = {2FC8DF88-182F-4A79-9185-F242A6C12701}
		{E5F11123-FEC2-4C06-A83C-EF957391A110} = {2FC8DF88-182F-4A79-9185-F242A6C12701}
		{59F89FCE-0DD1-4305-BFF3-A09AB6D7AF55} = {2FC8DF88-182F-4A79-9185-F242A6C12701}
		{8ADDA079-8B6C-4E2C-A3E2-B93DBD6FB960} = {2FC8DF88-182F-4A79-9185-F242A6C12701}
		{B16FBC86-18DB-4F42-8ED3-0BEC12BD97A7} = {2FC8DF88-182F-4A79-9185-F242A6C12701}
		{F9E47EC4-AA5E-4A17-9903-7508137C2952} = {2FC8DF88-182F-4A79-9185-F242A6C12701}
		{51951E96-5F41-47EC-A5DE-21F8EC4BA534} = {2FC8DF88-182F-4A79-9185-F242A6C12701}
		{802D565D-D78D-4F6B-BB7A-E209F267A41A} = {2FC8DF88-182F-4A79-9185-F242A6C12701}
		{0E826BA6-E497-4B10-B7C5-13D8A9914471} = {2FC8DF88-182F-4A79-9185-F242A6C12701}
		{7EBE5413-7600-481E-B937-5193AA4519C8} = {2FC8DF88-182F-4A79-9185-F242A6C12701}
		{1F616F70-5E20-484D-ABB2-2B88CC6A4257} = {2FC8DF88-182F-4A79-9185-F242A6C12701}
		{E22F1328-E7D0-48A8-8639-700F566BB2ED} = {2FC8DF88-182F-4A79-9185-F242A6C12701}
		{8724F444-918E-440C-B065-1E711E14DB63} = {2FC8DF88-182F-4A79-9185-F242A6C12701}
		{5F0E488A-7715-4D20-BC7B-A862412C58EE} = {2FC8DF88-182F-4A79-9185-F242A6C12701}
		{FB20B2BB-97DE-4D67-A8EF-31B746BB22D9} = {2FC8DF88-182F-4A79-9185-F242A6C12701}
		{51F91A5A-09C7-436D-8840-7857C66A7B55} = {2FC8DF88-182F-4A79-9185-F242A6C12701}
		{BBB44D48-953B-4E78-8E43-178ACDF2BBA7} = {2FC8DF88-182F-4A79-9185-F242A6C12701}
		{6AE305D3-E28E-4268-AC63-A67187CABDDC} = {2FC8DF88-182F-4A79-9185-F242A6C12701}
		{95EACE07-B346-4DF9-AADE-3CA0A19D71F8} = {2FC8DF88-182F-4A79-9185-F242A6C12701}
		{AEDDAA8C-1D17-472C-BBBA-94A4777531CC} = {2FC8DF88-182F-4A79-9185-F242A6C12701}
		{F6DAD8E4-F7F7-490D-A6BA-28B3C80653C7} = {2FC8DF88-182F-4A79-9185-F242A6C12701}
		{882C59EA-3FA2-4332-9156-2D6D5C43CA3C} = {2FC8DF88-182F-4A79-9185-F242A6C12701}
		{1B7C2679-2A06-4411-B70F-7970DF41AE0C} = {2FC8DF88-182F-4A79-9185-F242A6C12701}
		{6909C3EC-C879-48F6-B04E-0794B18A0D1B} = {2FC8DF88-182F-4A79-9185-F242A6C12701}
		{ECC33CFB-6E1B-4EA3-8001-F38366B68871} = {2FC8DF88-182F-4A79-9185-F242A6C12701}
		{DE0BA3A3-B1B0-42CC-8858-B469F58B1A4E} = {2FC8DF88-182F-4A79-9185-F242A6C12701}
		{7F9C6F0B-9329-40BA-A694-07FC891ED9CE} = {2FC8DF88-182F-4A79-9185-F242A6C12701}
		{DF13484E-DDF3-4716-83BE-E6A9C446A11F} = {2FC8DF88-182F-4A79-9185-F242A6C12701}
		{A01C557F-FAAB-484C-BBD5-8D8029E12D33} = {2FC8DF88-182F-4A79-9185-F242A6C12701}
		{5D1FD339-F7AA-4236-A9A4-6B325BDD0E09} = {2FC8DF88-182F-4A79-9185-F242A6C12701}
		{F62DAE3C-A3CC-4C8A-BDA5-6F9EBD989D6B} = {2FC8DF88-182F-4A79-9185-F242A6C12701}
		{67CD12C6-5C64-4D23-BE82-5DEFAD9991B4} = {2FC8DF88-182F-4A79-9185-F242A6C12701}
		{34A75618-28B5-4E05-86A7-76E5483BF085} = {2FC8DF88-182F-4A79-9185-F242A6C12701}
		{CCAED832-D10A-43E8-9D87-69C56620059C} = {2FC8DF88-182F-4A79-9185-F242A6C12701}
		{AA6EB654-4FE5-4FF8-9F97-3BA90FDC33CB} = {2FC8DF88-182F-4A79-9185-F242A6C12701}
		{811B90B5-9D76-4572-81A6-FB32F277CA46} = {2FC8DF88-182F-4A79-9185-F242A6C12701}
		{B10B147F-1A04-4747-9AC3-790B1642DCBE} = {2FC8DF88-182F-4A79-9185-F242A6C12701}
		{02698421-638F-413B-A005-30575E3F6EC8} = {2FC8DF88-182F-4A79-9185-F242A6C12701}
		{BF940AB7-194E-4DCF-996C-53887B057174} = {2FC8DF88-182F-4A79-9185-F242A6C12701}
		{18135992-EB03-4A39-AE47-527C0DEF36B5} = {2FC8DF88-182F-4A79-9185-F242A6C12701}
		{7F116D33-D7DD-468C-AEE5-C20B02EFB779} = {2FC8DF88-182F-4A79-9185-F242A6C12701}
		{77AE8963-19C5-4B8F-89C6-4811C4741433} = {2FC8DF88-182F-4A79-9185-F242A6C12701}
		{73EE8F01-5715-4041-9AC4-2A259F305B62} = {2FC8DF88-182F-4A79-9185-F242A6C12701}
		{45AC3B25-FC4F-4DCD-9414-F49856760330} = {2FC8DF88-182F-4A79-9185-F242A6C12701}
		{EFD05CF6-741B-4C1B-9E9D-0C2B0979196A} = {2FC8DF88-182F-4A79-9185-F242A6C12701}
		{4C8B4B58-3D19-4062-8EEE-E3300115BB3D} = {2FC8DF88-182F-4A79-9185-F242A6C12701}
		{6B422DC7-668A-49BE-AA34-1EDF1A5DF534} = {355D7A68-14B5-4489-B3D3-D1BCBE44B774}
		{29CD46EB-BA12-495B-97BF-0D56B95BB51F} = {355D7A68-14B5-4489-B3D3-D1BCBE44B774}
		{8974CF73-6B43-4901-BA52-51F621EFE8AB} = {355D7A68-14B5-4489-B3D3-D1BCBE44B774}
		{306B7183-DD17-415E-A801-C3F15B05B584} = {355D7A68-14B5-4489-B3D3-D1BCBE44B774}
		{9E4F061F-F7CA-4DAD-BAC2-066E0F014A4F} = {355D7A68-14B5-4489-B3D3-D1BCBE44B774}
		{CCA4BA06-44CF-4B65-89C0-C56C3723CA07} = {355D7A68-14B5-4489-B3D3-D1BCBE44B774}
		{DF4B5F79-591D-4D31-B3EC-55AC3E7B72AE} = {355D7A68-14B5-4489-B3D3-D1BCBE44B774}
		{D639F8A5-8E01-4917-8DAC-646083FB65BE} = {355D7A68-14B5-4489-B3D3-D1BCBE44B774}
		{6E667FAD-B06B-4754-A511-0C66D4A6D39A} = {2FC8DF88-182F-4A79-9185-F242A6C12701}
		{C3608BFF-4440-4671-8E7D-8144D4D62B51} = {2FC8DF88-182F-4A79-9185-F242A6C12701}
		{4CCE9B2B-7857-45FC-ACBD-76A49ACDDA5B} = {355D7A68-14B5-4489-B3D3-D1BCBE44B774}
		{60FA3815-5EC8-4AF3-98F7-1CA1F5C581FC} = {2FC8DF88-182F-4A79-9185-F242A6C12701}
		{F59A1DDB-EFFB-4EBA-AE45-3DA59B25FA0D} = {2FC8DF88-182F-4A79-9185-F242A6C12701}
		{BF244A7D-7728-4F46-948D-877B18159A3D} = {2FC8DF88-182F-4A79-9185-F242A6C12701}
		{05D9D419-6E36-4AB8-8E7E-AEB3D635C603} = {2FC8DF88-182F-4A79-9185-F242A6C12701}
		{D638BF49-5051-4FD8-9555-6D51106EC0E6} = {355D7A68-14B5-4489-B3D3-D1BCBE44B774}
		{293E1465-E2E0-40C1-A28D-1BBD23961B55} = {2FC8DF88-182F-4A79-9185-F242A6C12701}
		{4FF4041C-1809-4800-A378-A80560A05D03} = {2FC8DF88-182F-4A79-9185-F242A6C12701}
		{32407A8B-39E5-43C2-B63A-F490D2578272} = {2FC8DF88-182F-4A79-9185-F242A6C12701}
		{A78B4BDD-8538-4B1F-9016-1994E58DBEFA} = {2FC8DF88-182F-4A79-9185-F242A6C12701}
		{2483C4E7-E6CB-4E6C-9262-905F854DD803} = {2FC8DF88-182F-4A79-9185-F242A6C12701}
		{A3E025BE-C165-4BC4-BF83-A9BF5DC512E2} = {2FC8DF88-182F-4A79-9185-F242A6C12701}
		{53495078-FCF8-4851-A07E-66CA3160EB3C} = {2FC8DF88-182F-4A79-9185-F242A6C12701}
		{2E8DE4EA-7E84-4D01-9A29-F03E69166566} = {2FC8DF88-182F-4A79-9185-F242A6C12701}
		{96015FE6-1B5E-48F4-BCB3-464366C098F2} = {2FC8DF88-182F-4A79-9185-F242A6C12701}
		{8A64A5C6-2B3C-4BB2-B9FC-7C30B3F2B3E2} = {2FC8DF88-182F-4A79-9185-F242A6C12701}
		{5B6E00E9-4217-45FB-93DA-0E822DC6B42D} = {2FC8DF88-182F-4A79-9185-F242A6C12701}
		{431C9136-225F-43FF-B11B-B5A597913166} = {2FC8DF88-182F-4A79-9185-F242A6C12701}
		{8A11571F-0DE7-4E1F-8C1D-6A441F3EAA85} = {2FC8DF88-182F-4A79-9185-F242A6C12701}
		{037E878C-996E-4922-AC99-38DB0644CB79} = {2FC8DF88-182F-4A79-9185-F242A6C12701}
		{19AC1E1D-73F5-4F74-8DC9-14E327933B3E} = {2FC8DF88-182F-4A79-9185-F242A6C12701}
		{F0853018-F497-4395-8A25-9EA6D1BEB16B} = {2FC8DF88-182F-4A79-9185-F242A6C12701}
		{B8938897-F915-44A6-A407-418BFC02F0BC} = {2FC8DF88-182F-4A79-9185-F242A6C12701}
		{DFC2C38B-B3EE-4D43-AB8D-CE62368DD50F} = {2FC8DF88-182F-4A79-9185-F242A6C12701}
		{0ECBA6AE-51FD-4CB0-8C71-682FE67156E4} = {2FC8DF88-182F-4A79-9185-F242A6C12701}
		{5D81E19B-1BB3-42AC-B5B0-208D62D16FA2} = {2FC8DF88-182F-4A79-9185-F242A6C12701}
		{E0D5BFFC-B270-4A5D-B2D9-42A00875AC13} = {2FC8DF88-182F-4A79-9185-F242A6C12701}
		{5E03D95C-B945-4F09-B04D-89A11AB48CA5} = {2FC8DF88-182F-4A79-9185-F242A6C12701}
		{B7F86A9C-2FE2-4856-93BE-19DCA3F96F8D} = {2FC8DF88-182F-4A79-9185-F242A6C12701}
		{60B082FD-024E-4253-9248-7E8C9F1628C0} = {2FC8DF88-182F-4A79-9185-F242A6C12701}
		{D97EAEE5-94AB-4096-8362-EE4805FE3BDC} = {2FC8DF88-182F-4A79-9185-F242A6C12701}
		{B098916C-FAB5-4023-8AC9-0D52C8957656} = {2FC8DF88-182F-4A79-9185-F242A6C12701}
		{99802BFB-49D9-4EC1-B5EF-C9EF2D29A506} = {2FC8DF88-182F-4A79-9185-F242A6C12701}
		{5C7782DB-10C7-4200-B6EE-60E3B7E2ED19} = {2FC8DF88-182F-4A79-9185-F242A6C12701}
		{3916DC5F-7A9F-4BF6-9084-8B26C228B0D5} = {2FC8DF88-182F-4A79-9185-F242A6C12701}
		{76EA2A1B-761A-4FEA-86E9-A7AE6F3CA303} = {2FC8DF88-182F-4A79-9185-F242A6C12701}
		{B675CA65-6BDC-4D09-9445-ACC80506A9A4} = {2FC8DF88-182F-4A79-9185-F242A6C12701}
		{7459727D-509D-4285-B10D-C165F42481CD} = {2FC8DF88-182F-4A79-9185-F242A6C12701}
		{ABFA3A58-50D7-4FF2-AD62-410C5D274D7D} = {2FC8DF88-182F-4A79-9185-F242A6C12701}
		{70E3BA0F-CA9F-42CA-B70F-B9C0D5930B49} = {2FC8DF88-182F-4A79-9185-F242A6C12701}
		{46B44E6A-EDAC-41A4-B6B0-BC2A1452F892} = {2FC8DF88-182F-4A79-9185-F242A6C12701}
		{E8B2BD28-3BA8-4F6C-AEC1-FCE69D78231E} = {2FC8DF88-182F-4A79-9185-F242A6C12701}
	EndGlobalSection
	GlobalSection(ExtensibilityGlobals) = postSolution
		SolutionGuid = {9BE7FA6F-2D4E-4B5B-97B7-7D2DE8E3DB1E}
	EndGlobalSection
EndGlobal
